// !$*UTF8*$!
{
	archiveVersion = 1;
	classes = {
	};
	objectVersion = 48;
	objects = {

/* Begin PBXBuildFile section */
		A70A61BB1FD132D200AFDF0E /* FFEN.cpp in Sources */ = {isa = PBXBuildFile; fileRef = A70A61B91FD132D200AFDF0E /* FFEN.cpp */; };
		A70A61C41FD458DE00AFDF0E /* FMoveGenerator.cpp in Sources */ = {isa = PBXBuildFile; fileRef = A70A61C21FD458DE00AFDF0E /* FMoveGenerator.cpp */; };
		A70A61C61FD4592700AFDF0E /* FMoveList.cpp in Sources */ = {isa = PBXBuildFile; fileRef = A70A61C51FD4592700AFDF0E /* FMoveList.cpp */; };
		A70A61CA1FD46E3C00AFDF0E /* FEvaluate.cpp in Sources */ = {isa = PBXBuildFile; fileRef = A70A61C81FD46E3C00AFDF0E /* FEvaluate.cpp */; };
		A70A61CD1FD4713500AFDF0E /* FMinimax.cpp in Sources */ = {isa = PBXBuildFile; fileRef = A70A61CB1FD4713500AFDF0E /* FMinimax.cpp */; };
		A70A61D11FD4AA9600AFDF0E /* FEngineInfo.m in Sources */ = {isa = PBXBuildFile; fileRef = A70A61D01FD4AA9600AFDF0E /* FEngineInfo.m */; };
		A70A61D51FD4D42100AFDF0E /* FEngineInfo.m in Sources */ = {isa = PBXBuildFile; fileRef = A70A61D01FD4AA9600AFDF0E /* FEngineInfo.m */; };
		A70A61D71FD4D48700AFDF0E /* FPerformance.cpp in Sources */ = {isa = PBXBuildFile; fileRef = A756832E1FD0D96300CF1408 /* FPerformance.cpp */; };
		A70A61D81FD4D49500AFDF0E /* FMoveList.cpp in Sources */ = {isa = PBXBuildFile; fileRef = A70A61C51FD4592700AFDF0E /* FMoveList.cpp */; };
		A70A61D91FD4D49500AFDF0E /* FMoveGenerator.cpp in Sources */ = {isa = PBXBuildFile; fileRef = A70A61C21FD458DE00AFDF0E /* FMoveGenerator.cpp */; };
		A70A61DA1FD4D49500AFDF0E /* FBoard.cpp in Sources */ = {isa = PBXBuildFile; fileRef = A7712D451FCBC13100E7E802 /* FBoard.cpp */; };
		A70A61DB1FD4D49500AFDF0E /* FEvaluate.cpp in Sources */ = {isa = PBXBuildFile; fileRef = A70A61C81FD46E3C00AFDF0E /* FEvaluate.cpp */; };
		A70A61DC1FD4D49500AFDF0E /* FMinimax.cpp in Sources */ = {isa = PBXBuildFile; fileRef = A70A61CB1FD4713500AFDF0E /* FMinimax.cpp */; };
		A70A61DD1FD4D49500AFDF0E /* FFEN.cpp in Sources */ = {isa = PBXBuildFile; fileRef = A70A61B91FD132D200AFDF0E /* FFEN.cpp */; };
		A70A61DE1FD4D49F00AFDF0E /* magicmoves.c in Sources */ = {isa = PBXBuildFile; fileRef = A7712D411FCB97A900E7E802 /* magicmoves.c */; };
		A7460F011FDF2465002B0740 /* BoardView.swift in Sources */ = {isa = PBXBuildFile; fileRef = A7460F001FDF2465002B0740 /* BoardView.swift */; };
		A75359841FDC51B2008D1DEE /* FENgineInfo+Extension.swift in Sources */ = {isa = PBXBuildFile; fileRef = A75359831FDC51B2008D1DEE /* FENgineInfo+Extension.swift */; };
		A75359851FDC994E008D1DEE /* FENgineInfo+Extension.swift in Sources */ = {isa = PBXBuildFile; fileRef = A75359831FDC51B2008D1DEE /* FENgineInfo+Extension.swift */; };
		A75359931FDE0947008D1DEE /* AppDelegate.swift in Sources */ = {isa = PBXBuildFile; fileRef = A75359921FDE0947008D1DEE /* AppDelegate.swift */; };
		A75359951FDE0947008D1DEE /* ChessViewController.swift in Sources */ = {isa = PBXBuildFile; fileRef = A75359941FDE0947008D1DEE /* ChessViewController.swift */; };
		A75359971FDE0947008D1DEE /* Assets.xcassets in Resources */ = {isa = PBXBuildFile; fileRef = A75359961FDE0947008D1DEE /* Assets.xcassets */; };
		A753599A1FDE0947008D1DEE /* Main.storyboard in Resources */ = {isa = PBXBuildFile; fileRef = A75359981FDE0947008D1DEE /* Main.storyboard */; };
		A75359A61FDE0947008D1DEE /* BChessMacTests.swift in Sources */ = {isa = PBXBuildFile; fileRef = A75359A51FDE0947008D1DEE /* BChessMacTests.swift */; };
		A75359B11FDE0947008D1DEE /* BChessMacUITests.swift in Sources */ = {isa = PBXBuildFile; fileRef = A75359B01FDE0947008D1DEE /* BChessMacUITests.swift */; };
		A75359BF1FDE0E3B008D1DEE /* BoardSquareView.swift in Sources */ = {isa = PBXBuildFile; fileRef = A75359BE1FDE0E3B008D1DEE /* BoardSquareView.swift */; };
		A75359C31FDE4023008D1DEE /* FENgineInfo+Extension.swift in Sources */ = {isa = PBXBuildFile; fileRef = A75359831FDC51B2008D1DEE /* FENgineInfo+Extension.swift */; };
		A75359C41FDE4031008D1DEE /* FEngineInfo.m in Sources */ = {isa = PBXBuildFile; fileRef = A70A61D01FD4AA9600AFDF0E /* FEngineInfo.m */; };
		A75359C51FDE4031008D1DEE /* FEngine.mm in Sources */ = {isa = PBXBuildFile; fileRef = A75683281FCD28A000CF1408 /* FEngine.mm */; };
		A75359C61FDE4031008D1DEE /* magicmoves.c in Sources */ = {isa = PBXBuildFile; fileRef = A7712D411FCB97A900E7E802 /* magicmoves.c */; };
		A75359C71FDE4038008D1DEE /* FMoveList.cpp in Sources */ = {isa = PBXBuildFile; fileRef = A70A61C51FD4592700AFDF0E /* FMoveList.cpp */; };
		A75359C81FDE4038008D1DEE /* FMoveGenerator.cpp in Sources */ = {isa = PBXBuildFile; fileRef = A70A61C21FD458DE00AFDF0E /* FMoveGenerator.cpp */; };
		A75359C91FDE4038008D1DEE /* FBoard.cpp in Sources */ = {isa = PBXBuildFile; fileRef = A7712D451FCBC13100E7E802 /* FBoard.cpp */; };
		A75359CA1FDE4038008D1DEE /* FEvaluate.cpp in Sources */ = {isa = PBXBuildFile; fileRef = A70A61C81FD46E3C00AFDF0E /* FEvaluate.cpp */; };
		A75359CB1FDE4038008D1DEE /* FMinimax.cpp in Sources */ = {isa = PBXBuildFile; fileRef = A70A61CB1FD4713500AFDF0E /* FMinimax.cpp */; };
		A75359CC1FDE4038008D1DEE /* FFEN.cpp in Sources */ = {isa = PBXBuildFile; fileRef = A70A61B91FD132D200AFDF0E /* FFEN.cpp */; };
		A75359CD1FDE40F4008D1DEE /* FPerformance.cpp in Sources */ = {isa = PBXBuildFile; fileRef = A756832E1FD0D96300CF1408 /* FPerformance.cpp */; };
		A75359CF1FDE4385008D1DEE /* PieceView.swift in Sources */ = {isa = PBXBuildFile; fileRef = A75359CE1FDE4385008D1DEE /* PieceView.swift */; };
		A75683291FCD28A000CF1408 /* FEngine.mm in Sources */ = {isa = PBXBuildFile; fileRef = A75683281FCD28A000CF1408 /* FEngine.mm */; };
		A756832D1FD0B3FE00CF1408 /* magicmoves.c in Sources */ = {isa = PBXBuildFile; fileRef = A7712D411FCB97A900E7E802 /* magicmoves.c */; };
		A75683301FD0D96300CF1408 /* FPerformance.cpp in Sources */ = {isa = PBXBuildFile; fileRef = A756832E1FD0D96300CF1408 /* FPerformance.cpp */; };
		A75A283B1FEC743E003AC5EF /* SearchChessTests.cpp in Sources */ = {isa = PBXBuildFile; fileRef = A7E490E41FEA1C0600970EAD /* SearchChessTests.cpp */; };
		A75A283F1FECD7DD003AC5EF /* FEngine.mm in Sources */ = {isa = PBXBuildFile; fileRef = A75683281FCD28A000CF1408 /* FEngine.mm */; };
		A75CB25B1FED8F2C005487BD /* MoveTests.cpp in Sources */ = {isa = PBXBuildFile; fileRef = A75CB25A1FED8F2B005487BD /* MoveTests.cpp */; };
		A75CB25D1FED8F82005487BD /* EvaluationTests.cpp in Sources */ = {isa = PBXBuildFile; fileRef = A75CB25C1FED8F82005487BD /* EvaluationTests.cpp */; };
		A75CB25F1FED8F9E005487BD /* CheckTests.cpp in Sources */ = {isa = PBXBuildFile; fileRef = A75CB25E1FED8F9E005487BD /* CheckTests.cpp */; };
		A7712D2F1FC7C4CD00E7E802 /* UCI.swift in Sources */ = {isa = PBXBuildFile; fileRef = A7712D2E1FC7C4CD00E7E802 /* UCI.swift */; };
		A7712D341FC895D100E7E802 /* UCI.swift in Sources */ = {isa = PBXBuildFile; fileRef = A7712D2E1FC7C4CD00E7E802 /* UCI.swift */; };
		A7712D441FCBBD9C00E7E802 /* Performance.swift in Sources */ = {isa = PBXBuildFile; fileRef = A7712D431FCBBD9C00E7E802 /* Performance.swift */; };
		A7712D471FCBC13100E7E802 /* FBoard.cpp in Sources */ = {isa = PBXBuildFile; fileRef = A7712D451FCBC13100E7E802 /* FBoard.cpp */; };
		A77371FE1FE31FEF0001A90F /* FGame.cpp in Sources */ = {isa = PBXBuildFile; fileRef = A77371FC1FE31FEF0001A90F /* FGame.cpp */; };
		A77372011FE320010001A90F /* FPGN.cpp in Sources */ = {isa = PBXBuildFile; fileRef = A77371FF1FE320010001A90F /* FPGN.cpp */; };
		A77372021FE334BB0001A90F /* FGame.cpp in Sources */ = {isa = PBXBuildFile; fileRef = A77371FC1FE31FEF0001A90F /* FGame.cpp */; };
		A77372031FE334BB0001A90F /* FPGN.cpp in Sources */ = {isa = PBXBuildFile; fileRef = A77371FF1FE320010001A90F /* FPGN.cpp */; };
		A77372051FE443D70001A90F /* FPGN.cpp in Sources */ = {isa = PBXBuildFile; fileRef = A77371FF1FE320010001A90F /* FPGN.cpp */; };
		A77372061FE443DA0001A90F /* FGame.cpp in Sources */ = {isa = PBXBuildFile; fileRef = A77371FC1FE31FEF0001A90F /* FGame.cpp */; };
		A7AFCCAA1FB4E40D00AE3D85 /* main.swift in Sources */ = {isa = PBXBuildFile; fileRef = A7AFCCA91FB4E40D00AE3D85 /* main.swift */; };
		A7B18F581FD9BAE500A605B8 /* MovesTests.swift in Sources */ = {isa = PBXBuildFile; fileRef = A7B18F571FD9BAE500A605B8 /* MovesTests.swift */; };
		A7E490EB1FEA207100970EAD /* gtest-all.cc in Sources */ = {isa = PBXBuildFile; fileRef = A7E490EA1FEA207100970EAD /* gtest-all.cc */; };
		A7E490EC1FEA23DD00970EAD /* PGNTests.cpp in Sources */ = {isa = PBXBuildFile; fileRef = A77372041FE340780001A90F /* PGNTests.cpp */; };
		A7E490ED1FEA29B900970EAD /* GamesTests.swift in Sources */ = {isa = PBXBuildFile; fileRef = A7712D321FC8957500E7E802 /* GamesTests.swift */; };
		A7E490EE1FEA2A7000970EAD /* BestMoveTests.cpp in Sources */ = {isa = PBXBuildFile; fileRef = A70A61BD1FD3196400AFDF0E /* BestMoveTests.cpp */; };
		A7E490F21FEA2E7E00970EAD /* GoogleTests.mm in Sources */ = {isa = PBXBuildFile; fileRef = A7E490F11FEA2E7E00970EAD /* GoogleTests.mm */; };
		A7E490F41FEA2F0F00970EAD /* SearchSyntheticTests.cpp in Sources */ = {isa = PBXBuildFile; fileRef = A7E490E51FEA1C0600970EAD /* SearchSyntheticTests.cpp */; };
/* End PBXBuildFile section */

/* Begin PBXContainerItemProxy section */
		A75359A21FDE0947008D1DEE /* PBXContainerItemProxy */ = {
			isa = PBXContainerItemProxy;
			containerPortal = A7AFCC9E1FB4E40D00AE3D85 /* Project object */;
			proxyType = 1;
			remoteGlobalIDString = A753598F1FDE0947008D1DEE;
			remoteInfo = BChessMac;
		};
		A75359AD1FDE0947008D1DEE /* PBXContainerItemProxy */ = {
			isa = PBXContainerItemProxy;
			containerPortal = A7AFCC9E1FB4E40D00AE3D85 /* Project object */;
			proxyType = 1;
			remoteGlobalIDString = A753598F1FDE0947008D1DEE;
			remoteInfo = BChessMac;
		};
/* End PBXContainerItemProxy section */

/* Begin PBXCopyFilesBuildPhase section */
		A7AFCCA41FB4E40D00AE3D85 /* CopyFiles */ = {
			isa = PBXCopyFilesBuildPhase;
			buildActionMask = 2147483647;
			dstPath = /usr/share/man/man1/;
			dstSubfolderSpec = 0;
			files = (
			);
			runOnlyForDeploymentPostprocessing = 1;
		};
/* End PBXCopyFilesBuildPhase section */

/* Begin PBXFileReference section */
		A70A61B91FD132D200AFDF0E /* FFEN.cpp */ = {isa = PBXFileReference; lastKnownFileType = sourcecode.cpp.cpp; path = FFEN.cpp; sourceTree = "<group>"; };
		A70A61BA1FD132D200AFDF0E /* FFEN.hpp */ = {isa = PBXFileReference; lastKnownFileType = sourcecode.cpp.h; path = FFEN.hpp; sourceTree = "<group>"; };
		A70A61BC1FD1333300AFDF0E /* FUtility.hpp */ = {isa = PBXFileReference; lastKnownFileType = sourcecode.cpp.h; path = FUtility.hpp; sourceTree = "<group>"; };
		A70A61BD1FD3196400AFDF0E /* BestMoveTests.cpp */ = {isa = PBXFileReference; lastKnownFileType = sourcecode.cpp.cpp; path = BestMoveTests.cpp; sourceTree = "<group>"; };
		A70A61BE1FD38C7500AFDF0E /* FColor.hpp */ = {isa = PBXFileReference; lastKnownFileType = sourcecode.cpp.h; path = FColor.hpp; sourceTree = "<group>"; };
		A70A61BF1FD38D4100AFDF0E /* FPiece.hpp */ = {isa = PBXFileReference; lastKnownFileType = sourcecode.cpp.h; path = FPiece.hpp; sourceTree = "<group>"; };
		A70A61C01FD4587B00AFDF0E /* FMove.hpp */ = {isa = PBXFileReference; lastKnownFileType = sourcecode.cpp.h; path = FMove.hpp; sourceTree = "<group>"; };
		A70A61C11FD4589800AFDF0E /* FMoveList.hpp */ = {isa = PBXFileReference; lastKnownFileType = sourcecode.cpp.h; path = FMoveList.hpp; sourceTree = "<group>"; };
		A70A61C21FD458DE00AFDF0E /* FMoveGenerator.cpp */ = {isa = PBXFileReference; lastKnownFileType = sourcecode.cpp.cpp; path = FMoveGenerator.cpp; sourceTree = "<group>"; };
		A70A61C31FD458DE00AFDF0E /* FMoveGenerator.hpp */ = {isa = PBXFileReference; lastKnownFileType = sourcecode.cpp.h; path = FMoveGenerator.hpp; sourceTree = "<group>"; };
		A70A61C51FD4592700AFDF0E /* FMoveList.cpp */ = {isa = PBXFileReference; lastKnownFileType = sourcecode.cpp.cpp; path = FMoveList.cpp; sourceTree = "<group>"; };
		A70A61C81FD46E3C00AFDF0E /* FEvaluate.cpp */ = {isa = PBXFileReference; lastKnownFileType = sourcecode.cpp.cpp; path = FEvaluate.cpp; sourceTree = "<group>"; };
		A70A61C91FD46E3C00AFDF0E /* FEvaluate.hpp */ = {isa = PBXFileReference; lastKnownFileType = sourcecode.cpp.h; path = FEvaluate.hpp; sourceTree = "<group>"; };
		A70A61CB1FD4713500AFDF0E /* FMinimax.cpp */ = {isa = PBXFileReference; lastKnownFileType = sourcecode.cpp.cpp; path = FMinimax.cpp; sourceTree = "<group>"; };
		A70A61CC1FD4713500AFDF0E /* FMinimax.hpp */ = {isa = PBXFileReference; lastKnownFileType = sourcecode.cpp.h; path = FMinimax.hpp; sourceTree = "<group>"; };
		A70A61CF1FD4AA9600AFDF0E /* FEngineInfo.h */ = {isa = PBXFileReference; lastKnownFileType = sourcecode.c.h; path = FEngineInfo.h; sourceTree = "<group>"; };
		A70A61D01FD4AA9600AFDF0E /* FEngineInfo.m */ = {isa = PBXFileReference; lastKnownFileType = sourcecode.c.objc; path = FEngineInfo.m; sourceTree = "<group>"; };
		A7460F001FDF2465002B0740 /* BoardView.swift */ = {isa = PBXFileReference; lastKnownFileType = sourcecode.swift; path = BoardView.swift; sourceTree = "<group>"; };
		A75359831FDC51B2008D1DEE /* FENgineInfo+Extension.swift */ = {isa = PBXFileReference; lastKnownFileType = sourcecode.swift; path = "FENgineInfo+Extension.swift"; sourceTree = "<group>"; };
		A75359871FDCF8D6008D1DEE /* FBitboard.hpp */ = {isa = PBXFileReference; lastKnownFileType = sourcecode.cpp.h; path = FBitboard.hpp; sourceTree = "<group>"; };
		A753598A1FDCF95E008D1DEE /* FCoordinate.hpp */ = {isa = PBXFileReference; lastKnownFileType = sourcecode.cpp.h; path = FCoordinate.hpp; sourceTree = "<group>"; };
		A75359901FDE0947008D1DEE /* BChessMac.app */ = {isa = PBXFileReference; explicitFileType = wrapper.application; includeInIndex = 0; name = BChessMac.app; path = BChess.app; sourceTree = BUILT_PRODUCTS_DIR; };
		A75359921FDE0947008D1DEE /* AppDelegate.swift */ = {isa = PBXFileReference; lastKnownFileType = sourcecode.swift; path = AppDelegate.swift; sourceTree = "<group>"; };
		A75359941FDE0947008D1DEE /* ChessViewController.swift */ = {isa = PBXFileReference; lastKnownFileType = sourcecode.swift; path = ChessViewController.swift; sourceTree = "<group>"; };
		A75359961FDE0947008D1DEE /* Assets.xcassets */ = {isa = PBXFileReference; lastKnownFileType = folder.assetcatalog; path = Assets.xcassets; sourceTree = "<group>"; };
		A75359991FDE0947008D1DEE /* Base */ = {isa = PBXFileReference; lastKnownFileType = file.storyboard; name = Base; path = Base.lproj/Main.storyboard; sourceTree = "<group>"; };
		A753599B1FDE0947008D1DEE /* Info.plist */ = {isa = PBXFileReference; lastKnownFileType = text.plist.xml; path = Info.plist; sourceTree = "<group>"; };
		A753599C1FDE0947008D1DEE /* BChessMac.entitlements */ = {isa = PBXFileReference; lastKnownFileType = text.plist.entitlements; path = BChessMac.entitlements; sourceTree = "<group>"; };
		A75359A11FDE0947008D1DEE /* BChessMacTests.xctest */ = {isa = PBXFileReference; explicitFileType = wrapper.cfbundle; includeInIndex = 0; path = BChessMacTests.xctest; sourceTree = BUILT_PRODUCTS_DIR; };
		A75359A51FDE0947008D1DEE /* BChessMacTests.swift */ = {isa = PBXFileReference; lastKnownFileType = sourcecode.swift; path = BChessMacTests.swift; sourceTree = "<group>"; };
		A75359A71FDE0947008D1DEE /* Info.plist */ = {isa = PBXFileReference; lastKnownFileType = text.plist.xml; path = Info.plist; sourceTree = "<group>"; };
		A75359AC1FDE0947008D1DEE /* BChessMacUITests.xctest */ = {isa = PBXFileReference; explicitFileType = wrapper.cfbundle; includeInIndex = 0; path = BChessMacUITests.xctest; sourceTree = BUILT_PRODUCTS_DIR; };
		A75359B01FDE0947008D1DEE /* BChessMacUITests.swift */ = {isa = PBXFileReference; lastKnownFileType = sourcecode.swift; path = BChessMacUITests.swift; sourceTree = "<group>"; };
		A75359B21FDE0947008D1DEE /* Info.plist */ = {isa = PBXFileReference; lastKnownFileType = text.plist.xml; path = Info.plist; sourceTree = "<group>"; };
		A75359BE1FDE0E3B008D1DEE /* BoardSquareView.swift */ = {isa = PBXFileReference; lastKnownFileType = sourcecode.swift; path = BoardSquareView.swift; sourceTree = "<group>"; };
		A75359CE1FDE4385008D1DEE /* PieceView.swift */ = {isa = PBXFileReference; lastKnownFileType = sourcecode.swift; path = PieceView.swift; sourceTree = "<group>"; };
		A75683271FCD28A000CF1408 /* FEngine.h */ = {isa = PBXFileReference; lastKnownFileType = sourcecode.c.h; path = FEngine.h; sourceTree = "<group>"; };
		A75683281FCD28A000CF1408 /* FEngine.mm */ = {isa = PBXFileReference; lastKnownFileType = sourcecode.cpp.objcpp; path = FEngine.mm; sourceTree = "<group>"; };
		A756832E1FD0D96300CF1408 /* FPerformance.cpp */ = {isa = PBXFileReference; lastKnownFileType = sourcecode.cpp.cpp; path = FPerformance.cpp; sourceTree = "<group>"; };
		A756832F1FD0D96300CF1408 /* FPerformance.hpp */ = {isa = PBXFileReference; lastKnownFileType = sourcecode.cpp.h; path = FPerformance.hpp; sourceTree = "<group>"; };
		A75A283D1FEC8506003AC5EF /* ChessSearch.hpp */ = {isa = PBXFileReference; lastKnownFileType = sourcecode.cpp.h; path = ChessSearch.hpp; sourceTree = "<group>"; };
		A75BFAC61FE8C05E001EE942 /* MinMaxSearch.hpp */ = {isa = PBXFileReference; lastKnownFileType = sourcecode.cpp.h; path = MinMaxSearch.hpp; sourceTree = "<group>"; };
		A75CB25A1FED8F2B005487BD /* MoveTests.cpp */ = {isa = PBXFileReference; fileEncoding = 4; lastKnownFileType = sourcecode.cpp.cpp; path = MoveTests.cpp; sourceTree = "<group>"; };
		A75CB25C1FED8F82005487BD /* EvaluationTests.cpp */ = {isa = PBXFileReference; fileEncoding = 4; lastKnownFileType = sourcecode.cpp.cpp; path = EvaluationTests.cpp; sourceTree = "<group>"; };
		A75CB25E1FED8F9E005487BD /* CheckTests.cpp */ = {isa = PBXFileReference; fileEncoding = 4; lastKnownFileType = sourcecode.cpp.cpp; path = CheckTests.cpp; sourceTree = "<group>"; };
		A7712D141FB916E900E7E802 /* BChessTests.xctest */ = {isa = PBXFileReference; explicitFileType = wrapper.cfbundle; includeInIndex = 0; path = BChessTests.xctest; sourceTree = BUILT_PRODUCTS_DIR; };
		A7712D181FB916E900E7E802 /* Info.plist */ = {isa = PBXFileReference; lastKnownFileType = text.plist.xml; path = Info.plist; sourceTree = "<group>"; };
		A7712D2E1FC7C4CD00E7E802 /* UCI.swift */ = {isa = PBXFileReference; lastKnownFileType = sourcecode.swift; path = UCI.swift; sourceTree = "<group>"; };
		A7712D311FC7C5CF00E7E802 /* ToDo.md */ = {isa = PBXFileReference; lastKnownFileType = net.daringfireball.markdown; path = ToDo.md; sourceTree = "<group>"; };
		A7712D321FC8957500E7E802 /* GamesTests.swift */ = {isa = PBXFileReference; lastKnownFileType = sourcecode.swift; path = GamesTests.swift; sourceTree = "<group>"; };
		A7712D3F1FCB97A800E7E802 /* BChess-Bridging-Header.h */ = {isa = PBXFileReference; lastKnownFileType = sourcecode.c.h; path = "BChess-Bridging-Header.h"; sourceTree = "<group>"; };
		A7712D401FCB97A900E7E802 /* magicmoves.h */ = {isa = PBXFileReference; fileEncoding = 4; lastKnownFileType = sourcecode.c.h; path = magicmoves.h; sourceTree = "<group>"; };
		A7712D411FCB97A900E7E802 /* magicmoves.c */ = {isa = PBXFileReference; fileEncoding = 4; lastKnownFileType = sourcecode.c.c; path = magicmoves.c; sourceTree = "<group>"; };
		A7712D431FCBBD9C00E7E802 /* Performance.swift */ = {isa = PBXFileReference; lastKnownFileType = sourcecode.swift; path = Performance.swift; sourceTree = "<group>"; };
		A7712D451FCBC13100E7E802 /* FBoard.cpp */ = {isa = PBXFileReference; lastKnownFileType = sourcecode.cpp.cpp; path = FBoard.cpp; sourceTree = "<group>"; };
		A7712D461FCBC13100E7E802 /* FBoard.hpp */ = {isa = PBXFileReference; lastKnownFileType = sourcecode.cpp.h; path = FBoard.hpp; sourceTree = "<group>"; };
		A77371FC1FE31FEF0001A90F /* FGame.cpp */ = {isa = PBXFileReference; lastKnownFileType = sourcecode.cpp.cpp; path = FGame.cpp; sourceTree = "<group>"; };
		A77371FD1FE31FEF0001A90F /* FGame.hpp */ = {isa = PBXFileReference; lastKnownFileType = sourcecode.cpp.h; path = FGame.hpp; sourceTree = "<group>"; };
		A77371FF1FE320010001A90F /* FPGN.cpp */ = {isa = PBXFileReference; lastKnownFileType = sourcecode.cpp.cpp; path = FPGN.cpp; sourceTree = "<group>"; };
		A77372001FE320010001A90F /* FPGN.hpp */ = {isa = PBXFileReference; lastKnownFileType = sourcecode.cpp.h; path = FPGN.hpp; sourceTree = "<group>"; };
		A77372041FE340780001A90F /* PGNTests.cpp */ = {isa = PBXFileReference; fileEncoding = 4; lastKnownFileType = sourcecode.cpp.cpp; path = PGNTests.cpp; sourceTree = "<group>"; };
		A7AFCCA61FB4E40D00AE3D85 /* BChess */ = {isa = PBXFileReference; explicitFileType = "compiled.mach-o.executable"; includeInIndex = 0; path = BChess; sourceTree = BUILT_PRODUCTS_DIR; };
		A7AFCCA91FB4E40D00AE3D85 /* main.swift */ = {isa = PBXFileReference; lastKnownFileType = sourcecode.swift; path = main.swift; sourceTree = "<group>"; };
		A7B18F571FD9BAE500A605B8 /* MovesTests.swift */ = {isa = PBXFileReference; lastKnownFileType = sourcecode.swift; path = MovesTests.swift; sourceTree = "<group>"; };
		A7E490E41FEA1C0600970EAD /* SearchChessTests.cpp */ = {isa = PBXFileReference; fileEncoding = 4; lastKnownFileType = sourcecode.cpp.cpp; path = SearchChessTests.cpp; sourceTree = "<group>"; };
		A7E490E51FEA1C0600970EAD /* SearchSyntheticTests.cpp */ = {isa = PBXFileReference; fileEncoding = 4; lastKnownFileType = sourcecode.cpp.cpp; path = SearchSyntheticTests.cpp; sourceTree = "<group>"; };
		A7E490EA1FEA207100970EAD /* gtest-all.cc */ = {isa = PBXFileReference; fileEncoding = 4; lastKnownFileType = sourcecode.cpp.cpp; name = "gtest-all.cc"; path = "BChessTests/Helper/gtest-all.cc"; sourceTree = SOURCE_ROOT; };
		A7E490F11FEA2E7E00970EAD /* GoogleTests.mm */ = {isa = PBXFileReference; fileEncoding = 4; lastKnownFileType = sourcecode.cpp.objcpp; path = GoogleTests.mm; sourceTree = "<group>"; };
/* End PBXFileReference section */

/* Begin PBXFrameworksBuildPhase section */
		A753598D1FDE0947008D1DEE /* Frameworks */ = {
			isa = PBXFrameworksBuildPhase;
			buildActionMask = 2147483647;
			files = (
			);
			runOnlyForDeploymentPostprocessing = 0;
		};
		A753599E1FDE0947008D1DEE /* Frameworks */ = {
			isa = PBXFrameworksBuildPhase;
			buildActionMask = 2147483647;
			files = (
			);
			runOnlyForDeploymentPostprocessing = 0;
		};
		A75359A91FDE0947008D1DEE /* Frameworks */ = {
			isa = PBXFrameworksBuildPhase;
			buildActionMask = 2147483647;
			files = (
			);
			runOnlyForDeploymentPostprocessing = 0;
		};
		A7712D111FB916E900E7E802 /* Frameworks */ = {
			isa = PBXFrameworksBuildPhase;
			buildActionMask = 2147483647;
			files = (
			);
			runOnlyForDeploymentPostprocessing = 0;
		};
		A7AFCCA31FB4E40D00AE3D85 /* Frameworks */ = {
			isa = PBXFrameworksBuildPhase;
			buildActionMask = 2147483647;
			files = (
			);
			runOnlyForDeploymentPostprocessing = 0;
		};
/* End PBXFrameworksBuildPhase section */

/* Begin PBXGroup section */
		A70A61CE1FD4AA8500AFDF0E /* Bridge */ = {
			isa = PBXGroup;
			children = (
				A70A61CF1FD4AA9600AFDF0E /* FEngineInfo.h */,
				A70A61D01FD4AA9600AFDF0E /* FEngineInfo.m */,
				A75683271FCD28A000CF1408 /* FEngine.h */,
				A75683281FCD28A000CF1408 /* FEngine.mm */,
			);
			path = Bridge;
			sourceTree = "<group>";
		};
		A70A61D31FD4D37600AFDF0E /* Helpers */ = {
			isa = PBXGroup;
			children = (
				A7712D401FCB97A900E7E802 /* magicmoves.h */,
				A7712D411FCB97A900E7E802 /* magicmoves.c */,
				A756832F1FD0D96300CF1408 /* FPerformance.hpp */,
				A756832E1FD0D96300CF1408 /* FPerformance.cpp */,
				A70A61BC1FD1333300AFDF0E /* FUtility.hpp */,
			);
			path = Helpers;
			sourceTree = "<group>";
		};
		A70A61D41FD4D37E00AFDF0E /* Engine */ = {
			isa = PBXGroup;
			children = (
				A753598A1FDCF95E008D1DEE /* FCoordinate.hpp */,
				A75359871FDCF8D6008D1DEE /* FBitboard.hpp */,
				A70A61BE1FD38C7500AFDF0E /* FColor.hpp */,
				A70A61BF1FD38D4100AFDF0E /* FPiece.hpp */,
				A70A61C01FD4587B00AFDF0E /* FMove.hpp */,
				A70A61C11FD4589800AFDF0E /* FMoveList.hpp */,
				A70A61C51FD4592700AFDF0E /* FMoveList.cpp */,
				A70A61C31FD458DE00AFDF0E /* FMoveGenerator.hpp */,
				A70A61C21FD458DE00AFDF0E /* FMoveGenerator.cpp */,
				A77371FD1FE31FEF0001A90F /* FGame.hpp */,
				A77371FC1FE31FEF0001A90F /* FGame.cpp */,
				A7712D461FCBC13100E7E802 /* FBoard.hpp */,
				A7712D451FCBC13100E7E802 /* FBoard.cpp */,
				A70A61C91FD46E3C00AFDF0E /* FEvaluate.hpp */,
				A70A61C81FD46E3C00AFDF0E /* FEvaluate.cpp */,
				A70A61CC1FD4713500AFDF0E /* FMinimax.hpp */,
				A70A61CB1FD4713500AFDF0E /* FMinimax.cpp */,
				A70A61BA1FD132D200AFDF0E /* FFEN.hpp */,
				A70A61B91FD132D200AFDF0E /* FFEN.cpp */,
				A77372001FE320010001A90F /* FPGN.hpp */,
				A77371FF1FE320010001A90F /* FPGN.cpp */,
				A75BFAC61FE8C05E001EE942 /* MinMaxSearch.hpp */,
				A75A283D1FEC8506003AC5EF /* ChessSearch.hpp */,
			);
			path = Engine;
			sourceTree = "<group>";
		};
		A75359911FDE0947008D1DEE /* BChessMac */ = {
			isa = PBXGroup;
			children = (
				A75359921FDE0947008D1DEE /* AppDelegate.swift */,
				A75359941FDE0947008D1DEE /* ChessViewController.swift */,
				A7460F001FDF2465002B0740 /* BoardView.swift */,
				A75359BE1FDE0E3B008D1DEE /* BoardSquareView.swift */,
				A75359CE1FDE4385008D1DEE /* PieceView.swift */,
				A75359961FDE0947008D1DEE /* Assets.xcassets */,
				A75359981FDE0947008D1DEE /* Main.storyboard */,
				A753599B1FDE0947008D1DEE /* Info.plist */,
				A753599C1FDE0947008D1DEE /* BChessMac.entitlements */,
			);
			path = BChessMac;
			sourceTree = "<group>";
		};
		A75359A41FDE0947008D1DEE /* BChessMacTests */ = {
			isa = PBXGroup;
			children = (
				A75359A51FDE0947008D1DEE /* BChessMacTests.swift */,
				A75359A71FDE0947008D1DEE /* Info.plist */,
			);
			path = BChessMacTests;
			sourceTree = "<group>";
		};
		A75359AF1FDE0947008D1DEE /* BChessMacUITests */ = {
			isa = PBXGroup;
			children = (
				A75359B01FDE0947008D1DEE /* BChessMacUITests.swift */,
				A75359B21FDE0947008D1DEE /* Info.plist */,
			);
			path = BChessMacUITests;
			sourceTree = "<group>";
		};
		A7712D151FB916E900E7E802 /* BChessTests */ = {
			isa = PBXGroup;
			children = (
				A7712D321FC8957500E7E802 /* GamesTests.swift */,
				A7B18F571FD9BAE500A605B8 /* MovesTests.swift */,
				A7E490EF1FEA2E6100970EAD /* C++ */,
				A7E490F01FEA2E6F00970EAD /* Helper */,
				A7712D181FB916E900E7E802 /* Info.plist */,
			);
			path = BChessTests;
			sourceTree = "<group>";
		};
		A7712D301FC7C4D300E7E802 /* UCI */ = {
			isa = PBXGroup;
			children = (
				A7712D2E1FC7C4CD00E7E802 /* UCI.swift */,
				A75359831FDC51B2008D1DEE /* FENgineInfo+Extension.swift */,
			);
			path = UCI;
			sourceTree = "<group>";
		};
		A7712D481FCBC13500E7E802 /* C++ */ = {
			isa = PBXGroup;
			children = (
				A70A61CE1FD4AA8500AFDF0E /* Bridge */,
				A70A61D41FD4D37E00AFDF0E /* Engine */,
				A70A61D31FD4D37600AFDF0E /* Helpers */,
			);
			path = "C++";
			sourceTree = "<group>";
		};
		A7AFCC9D1FB4E40D00AE3D85 = {
			isa = PBXGroup;
			children = (
				A7712D311FC7C5CF00E7E802 /* ToDo.md */,
				A7AFCCA81FB4E40D00AE3D85 /* BChess */,
				A7712D151FB916E900E7E802 /* BChessTests */,
				A75359911FDE0947008D1DEE /* BChessMac */,
				A75359A41FDE0947008D1DEE /* BChessMacTests */,
				A75359AF1FDE0947008D1DEE /* BChessMacUITests */,
				A7AFCCA71FB4E40D00AE3D85 /* Products */,
			);
			sourceTree = "<group>";
		};
		A7AFCCA71FB4E40D00AE3D85 /* Products */ = {
			isa = PBXGroup;
			children = (
				A7AFCCA61FB4E40D00AE3D85 /* BChess */,
				A7712D141FB916E900E7E802 /* BChessTests.xctest */,
				A75359901FDE0947008D1DEE /* BChessMac.app */,
				A75359A11FDE0947008D1DEE /* BChessMacTests.xctest */,
				A75359AC1FDE0947008D1DEE /* BChessMacUITests.xctest */,
			);
			name = Products;
			sourceTree = "<group>";
		};
		A7AFCCA81FB4E40D00AE3D85 /* BChess */ = {
			isa = PBXGroup;
			children = (
				A7AFCCA91FB4E40D00AE3D85 /* main.swift */,
				A7712D431FCBBD9C00E7E802 /* Performance.swift */,
				A7712D3F1FCB97A800E7E802 /* BChess-Bridging-Header.h */,
				A7712D301FC7C4D300E7E802 /* UCI */,
				A7712D481FCBC13500E7E802 /* C++ */,
			);
			path = BChess;
			sourceTree = "<group>";
		};
		A7E490EF1FEA2E6100970EAD /* C++ */ = {
			isa = PBXGroup;
			children = (
				A75CB25A1FED8F2B005487BD /* MoveTests.cpp */,
				A75CB25C1FED8F82005487BD /* EvaluationTests.cpp */,
				A75CB25E1FED8F9E005487BD /* CheckTests.cpp */,
				A70A61BD1FD3196400AFDF0E /* BestMoveTests.cpp */,
				A77372041FE340780001A90F /* PGNTests.cpp */,
				A7E490E41FEA1C0600970EAD /* SearchChessTests.cpp */,
				A7E490E51FEA1C0600970EAD /* SearchSyntheticTests.cpp */,
			);
			path = "C++";
			sourceTree = "<group>";
		};
		A7E490F01FEA2E6F00970EAD /* Helper */ = {
			isa = PBXGroup;
			children = (
				A7E490F11FEA2E7E00970EAD /* GoogleTests.mm */,
				A7E490EA1FEA207100970EAD /* gtest-all.cc */,
			);
			path = Helper;
			sourceTree = "<group>";
		};
/* End PBXGroup section */

/* Begin PBXNativeTarget section */
		A753598F1FDE0947008D1DEE /* BChessMac */ = {
			isa = PBXNativeTarget;
			buildConfigurationList = A75359B31FDE0947008D1DEE /* Build configuration list for PBXNativeTarget "BChessMac" */;
			buildPhases = (
				A753598C1FDE0947008D1DEE /* Sources */,
				A753598D1FDE0947008D1DEE /* Frameworks */,
				A753598E1FDE0947008D1DEE /* Resources */,
			);
			buildRules = (
			);
			dependencies = (
			);
			name = BChessMac;
			productName = BChessMac;
			productReference = A75359901FDE0947008D1DEE /* BChessMac.app */;
			productType = "com.apple.product-type.application";
		};
		A75359A01FDE0947008D1DEE /* BChessMacTests */ = {
			isa = PBXNativeTarget;
			buildConfigurationList = A75359B61FDE0947008D1DEE /* Build configuration list for PBXNativeTarget "BChessMacTests" */;
			buildPhases = (
				A753599D1FDE0947008D1DEE /* Sources */,
				A753599E1FDE0947008D1DEE /* Frameworks */,
				A753599F1FDE0947008D1DEE /* Resources */,
			);
			buildRules = (
			);
			dependencies = (
				A75359A31FDE0947008D1DEE /* PBXTargetDependency */,
			);
			name = BChessMacTests;
			productName = BChessMacTests;
			productReference = A75359A11FDE0947008D1DEE /* BChessMacTests.xctest */;
			productType = "com.apple.product-type.bundle.unit-test";
		};
		A75359AB1FDE0947008D1DEE /* BChessMacUITests */ = {
			isa = PBXNativeTarget;
			buildConfigurationList = A75359B91FDE0947008D1DEE /* Build configuration list for PBXNativeTarget "BChessMacUITests" */;
			buildPhases = (
				A75359A81FDE0947008D1DEE /* Sources */,
				A75359A91FDE0947008D1DEE /* Frameworks */,
				A75359AA1FDE0947008D1DEE /* Resources */,
			);
			buildRules = (
			);
			dependencies = (
				A75359AE1FDE0947008D1DEE /* PBXTargetDependency */,
			);
			name = BChessMacUITests;
			productName = BChessMacUITests;
			productReference = A75359AC1FDE0947008D1DEE /* BChessMacUITests.xctest */;
			productType = "com.apple.product-type.bundle.ui-testing";
		};
		A7712D131FB916E900E7E802 /* BChessTests */ = {
			isa = PBXNativeTarget;
			buildConfigurationList = A7712D191FB916E900E7E802 /* Build configuration list for PBXNativeTarget "BChessTests" */;
			buildPhases = (
				A7712D101FB916E900E7E802 /* Sources */,
				A7712D111FB916E900E7E802 /* Frameworks */,
				A7712D121FB916E900E7E802 /* Resources */,
			);
			buildRules = (
			);
			dependencies = (
			);
			name = BChessTests;
			productName = BChessTests;
			productReference = A7712D141FB916E900E7E802 /* BChessTests.xctest */;
			productType = "com.apple.product-type.bundle.unit-test";
		};
		A7AFCCA51FB4E40D00AE3D85 /* BChess */ = {
			isa = PBXNativeTarget;
			buildConfigurationList = A7AFCCAD1FB4E40D00AE3D85 /* Build configuration list for PBXNativeTarget "BChess" */;
			buildPhases = (
				A7AFCCA21FB4E40D00AE3D85 /* Sources */,
				A7AFCCA31FB4E40D00AE3D85 /* Frameworks */,
				A7AFCCA41FB4E40D00AE3D85 /* CopyFiles */,
			);
			buildRules = (
			);
			dependencies = (
			);
			name = BChess;
			productName = BChess;
			productReference = A7AFCCA61FB4E40D00AE3D85 /* BChess */;
			productType = "com.apple.product-type.tool";
		};
/* End PBXNativeTarget section */

/* Begin PBXProject section */
		A7AFCC9E1FB4E40D00AE3D85 /* Project object */ = {
			isa = PBXProject;
			attributes = {
				LastSwiftUpdateCheck = 0920;
				LastUpgradeCheck = 0910;
				ORGANIZATIONNAME = "Jean Bovet";
				TargetAttributes = {
					A753598F1FDE0947008D1DEE = {
						CreatedOnToolsVersion = 9.2;
						ProvisioningStyle = Automatic;
					};
					A75359A01FDE0947008D1DEE = {
						CreatedOnToolsVersion = 9.2;
						ProvisioningStyle = Automatic;
						TestTargetID = A753598F1FDE0947008D1DEE;
					};
					A75359AB1FDE0947008D1DEE = {
						CreatedOnToolsVersion = 9.2;
						ProvisioningStyle = Automatic;
						TestTargetID = A753598F1FDE0947008D1DEE;
					};
					A7712D131FB916E900E7E802 = {
						CreatedOnToolsVersion = 9.1;
						ProvisioningStyle = Automatic;
					};
					A7AFCCA51FB4E40D00AE3D85 = {
						CreatedOnToolsVersion = 9.1;
						LastSwiftMigration = 0910;
						ProvisioningStyle = Automatic;
					};
				};
			};
			buildConfigurationList = A7AFCCA11FB4E40D00AE3D85 /* Build configuration list for PBXProject "BChess" */;
			compatibilityVersion = "Xcode 8.0";
			developmentRegion = en;
			hasScannedForEncodings = 0;
			knownRegions = (
				en,
				Base,
			);
			mainGroup = A7AFCC9D1FB4E40D00AE3D85;
			productRefGroup = A7AFCCA71FB4E40D00AE3D85 /* Products */;
			projectDirPath = "";
			projectRoot = "";
			targets = (
				A7AFCCA51FB4E40D00AE3D85 /* BChess */,
				A7712D131FB916E900E7E802 /* BChessTests */,
				A753598F1FDE0947008D1DEE /* BChessMac */,
				A75359A01FDE0947008D1DEE /* BChessMacTests */,
				A75359AB1FDE0947008D1DEE /* BChessMacUITests */,
			);
		};
/* End PBXProject section */

/* Begin PBXResourcesBuildPhase section */
		A753598E1FDE0947008D1DEE /* Resources */ = {
			isa = PBXResourcesBuildPhase;
			buildActionMask = 2147483647;
			files = (
				A75359971FDE0947008D1DEE /* Assets.xcassets in Resources */,
				A753599A1FDE0947008D1DEE /* Main.storyboard in Resources */,
			);
			runOnlyForDeploymentPostprocessing = 0;
		};
		A753599F1FDE0947008D1DEE /* Resources */ = {
			isa = PBXResourcesBuildPhase;
			buildActionMask = 2147483647;
			files = (
			);
			runOnlyForDeploymentPostprocessing = 0;
		};
		A75359AA1FDE0947008D1DEE /* Resources */ = {
			isa = PBXResourcesBuildPhase;
			buildActionMask = 2147483647;
			files = (
			);
			runOnlyForDeploymentPostprocessing = 0;
		};
		A7712D121FB916E900E7E802 /* Resources */ = {
			isa = PBXResourcesBuildPhase;
			buildActionMask = 2147483647;
			files = (
			);
			runOnlyForDeploymentPostprocessing = 0;
		};
/* End PBXResourcesBuildPhase section */

/* Begin PBXSourcesBuildPhase section */
		A753598C1FDE0947008D1DEE /* Sources */ = {
			isa = PBXSourcesBuildPhase;
			buildActionMask = 2147483647;
			files = (
				A75359CA1FDE4038008D1DEE /* FEvaluate.cpp in Sources */,
				A75359CF1FDE4385008D1DEE /* PieceView.swift in Sources */,
				A75359C31FDE4023008D1DEE /* FENgineInfo+Extension.swift in Sources */,
				A7460F011FDF2465002B0740 /* BoardView.swift in Sources */,
				A75359BF1FDE0E3B008D1DEE /* BoardSquareView.swift in Sources */,
				A77372051FE443D70001A90F /* FPGN.cpp in Sources */,
				A75359C61FDE4031008D1DEE /* magicmoves.c in Sources */,
				A75359951FDE0947008D1DEE /* ChessViewController.swift in Sources */,
				A77372061FE443DA0001A90F /* FGame.cpp in Sources */,
				A75359931FDE0947008D1DEE /* AppDelegate.swift in Sources */,
				A75359C71FDE4038008D1DEE /* FMoveList.cpp in Sources */,
				A75359CD1FDE40F4008D1DEE /* FPerformance.cpp in Sources */,
				A75359CC1FDE4038008D1DEE /* FFEN.cpp in Sources */,
				A75359C51FDE4031008D1DEE /* FEngine.mm in Sources */,
				A75359C91FDE4038008D1DEE /* FBoard.cpp in Sources */,
				A75359C41FDE4031008D1DEE /* FEngineInfo.m in Sources */,
				A75359CB1FDE4038008D1DEE /* FMinimax.cpp in Sources */,
				A75359C81FDE4038008D1DEE /* FMoveGenerator.cpp in Sources */,
			);
			runOnlyForDeploymentPostprocessing = 0;
		};
		A753599D1FDE0947008D1DEE /* Sources */ = {
			isa = PBXSourcesBuildPhase;
			buildActionMask = 2147483647;
			files = (
				A75359A61FDE0947008D1DEE /* BChessMacTests.swift in Sources */,
			);
			runOnlyForDeploymentPostprocessing = 0;
		};
		A75359A81FDE0947008D1DEE /* Sources */ = {
			isa = PBXSourcesBuildPhase;
			buildActionMask = 2147483647;
			files = (
				A75359B11FDE0947008D1DEE /* BChessMacUITests.swift in Sources */,
			);
			runOnlyForDeploymentPostprocessing = 0;
		};
		A7712D101FB916E900E7E802 /* Sources */ = {
			isa = PBXSourcesBuildPhase;
			buildActionMask = 2147483647;
			files = (
				A75CB25B1FED8F2C005487BD /* MoveTests.cpp in Sources */,
				A75A283B1FEC743E003AC5EF /* SearchChessTests.cpp in Sources */,
				A70A61DD1FD4D49500AFDF0E /* FFEN.cpp in Sources */,
				A70A61DC1FD4D49500AFDF0E /* FMinimax.cpp in Sources */,
				A7712D341FC895D100E7E802 /* UCI.swift in Sources */,
				A70A61DA1FD4D49500AFDF0E /* FBoard.cpp in Sources */,
				A7E490EE1FEA2A7000970EAD /* BestMoveTests.cpp in Sources */,
				A75CB25D1FED8F82005487BD /* EvaluationTests.cpp in Sources */,
				A7E490EC1FEA23DD00970EAD /* PGNTests.cpp in Sources */,
				A7E490ED1FEA29B900970EAD /* GamesTests.swift in Sources */,
				A77372031FE334BB0001A90F /* FPGN.cpp in Sources */,
				A70A61DE1FD4D49F00AFDF0E /* magicmoves.c in Sources */,
				A75359851FDC994E008D1DEE /* FENgineInfo+Extension.swift in Sources */,
				A70A61D51FD4D42100AFDF0E /* FEngineInfo.m in Sources */,
				A7E490F21FEA2E7E00970EAD /* GoogleTests.mm in Sources */,
				A70A61DB1FD4D49500AFDF0E /* FEvaluate.cpp in Sources */,
				A75CB25F1FED8F9E005487BD /* CheckTests.cpp in Sources */,
				A7E490EB1FEA207100970EAD /* gtest-all.cc in Sources */,
				A7E490F41FEA2F0F00970EAD /* SearchSyntheticTests.cpp in Sources */,
				A77372021FE334BB0001A90F /* FGame.cpp in Sources */,
				A7B18F581FD9BAE500A605B8 /* MovesTests.swift in Sources */,
				A70A61D81FD4D49500AFDF0E /* FMoveList.cpp in Sources */,
				A70A61D91FD4D49500AFDF0E /* FMoveGenerator.cpp in Sources */,
				A75A283F1FECD7DD003AC5EF /* FEngine.mm in Sources */,
				A70A61D71FD4D48700AFDF0E /* FPerformance.cpp in Sources */,
			);
			runOnlyForDeploymentPostprocessing = 0;
		};
		A7AFCCA21FB4E40D00AE3D85 /* Sources */ = {
			isa = PBXSourcesBuildPhase;
			buildActionMask = 2147483647;
			files = (
				A7AFCCAA1FB4E40D00AE3D85 /* main.swift in Sources */,
				A75683291FCD28A000CF1408 /* FEngine.mm in Sources */,
				A70A61CD1FD4713500AFDF0E /* FMinimax.cpp in Sources */,
				A7712D2F1FC7C4CD00E7E802 /* UCI.swift in Sources */,
				A77372011FE320010001A90F /* FPGN.cpp in Sources */,
				A70A61BB1FD132D200AFDF0E /* FFEN.cpp in Sources */,
				A75359841FDC51B2008D1DEE /* FENgineInfo+Extension.swift in Sources */,
				A7712D441FCBBD9C00E7E802 /* Performance.swift in Sources */,
				A756832D1FD0B3FE00CF1408 /* magicmoves.c in Sources */,
				A7712D471FCBC13100E7E802 /* FBoard.cpp in Sources */,
				A77371FE1FE31FEF0001A90F /* FGame.cpp in Sources */,
				A70A61CA1FD46E3C00AFDF0E /* FEvaluate.cpp in Sources */,
				A70A61C41FD458DE00AFDF0E /* FMoveGenerator.cpp in Sources */,
				A70A61D11FD4AA9600AFDF0E /* FEngineInfo.m in Sources */,
				A75683301FD0D96300CF1408 /* FPerformance.cpp in Sources */,
				A70A61C61FD4592700AFDF0E /* FMoveList.cpp in Sources */,
			);
			runOnlyForDeploymentPostprocessing = 0;
		};
/* End PBXSourcesBuildPhase section */

/* Begin PBXTargetDependency section */
		A75359A31FDE0947008D1DEE /* PBXTargetDependency */ = {
			isa = PBXTargetDependency;
			target = A753598F1FDE0947008D1DEE /* BChessMac */;
			targetProxy = A75359A21FDE0947008D1DEE /* PBXContainerItemProxy */;
		};
		A75359AE1FDE0947008D1DEE /* PBXTargetDependency */ = {
			isa = PBXTargetDependency;
			target = A753598F1FDE0947008D1DEE /* BChessMac */;
			targetProxy = A75359AD1FDE0947008D1DEE /* PBXContainerItemProxy */;
		};
/* End PBXTargetDependency section */

/* Begin PBXVariantGroup section */
		A75359981FDE0947008D1DEE /* Main.storyboard */ = {
			isa = PBXVariantGroup;
			children = (
				A75359991FDE0947008D1DEE /* Base */,
			);
			name = Main.storyboard;
			sourceTree = "<group>";
		};
/* End PBXVariantGroup section */

/* Begin XCBuildConfiguration section */
		A75359B41FDE0947008D1DEE /* Debug */ = {
			isa = XCBuildConfiguration;
			buildSettings = {
				ASSETCATALOG_COMPILER_APPICON_NAME = AppIcon;
				CODE_SIGN_ENTITLEMENTS = BChessMac/BChessMac.entitlements;
				CODE_SIGN_STYLE = Automatic;
				COMBINE_HIDPI_IMAGES = YES;
				DEVELOPMENT_TEAM = 28XRU7S6GA;
				INFOPLIST_FILE = BChessMac/Info.plist;
				LD_RUNPATH_SEARCH_PATHS = "$(inherited) @executable_path/../Frameworks";
				PRODUCT_BUNDLE_IDENTIFIER = "ch.arizona-software.BChessMac";
				PRODUCT_NAME = BChess;
				SWIFT_OBJC_BRIDGING_HEADER = "BChess/BChess-Bridging-Header.h";
				SWIFT_VERSION = 4.0;
			};
			name = Debug;
		};
		A75359B51FDE0947008D1DEE /* Release */ = {
			isa = XCBuildConfiguration;
			buildSettings = {
				ASSETCATALOG_COMPILER_APPICON_NAME = AppIcon;
				CODE_SIGN_ENTITLEMENTS = BChessMac/BChessMac.entitlements;
				CODE_SIGN_STYLE = Automatic;
				COMBINE_HIDPI_IMAGES = YES;
				DEVELOPMENT_TEAM = 28XRU7S6GA;
				INFOPLIST_FILE = BChessMac/Info.plist;
				LD_RUNPATH_SEARCH_PATHS = "$(inherited) @executable_path/../Frameworks";
				PRODUCT_BUNDLE_IDENTIFIER = "ch.arizona-software.BChessMac";
				PRODUCT_NAME = BChess;
				SWIFT_OBJC_BRIDGING_HEADER = "BChess/BChess-Bridging-Header.h";
				SWIFT_VERSION = 4.0;
			};
			name = Release;
		};
		A75359B71FDE0947008D1DEE /* Debug */ = {
			isa = XCBuildConfiguration;
			buildSettings = {
				ALWAYS_EMBED_SWIFT_STANDARD_LIBRARIES = YES;
				BUNDLE_LOADER = "$(TEST_HOST)";
				CODE_SIGN_STYLE = Automatic;
				COMBINE_HIDPI_IMAGES = YES;
				DEVELOPMENT_TEAM = 28XRU7S6GA;
				INFOPLIST_FILE = BChessMacTests/Info.plist;
				LD_RUNPATH_SEARCH_PATHS = "$(inherited) @executable_path/../Frameworks @loader_path/../Frameworks";
				PRODUCT_BUNDLE_IDENTIFIER = "ch.arizona-software.BChessMacTests";
				PRODUCT_NAME = "$(TARGET_NAME)";
				SWIFT_VERSION = 4.0;
				TEST_HOST = "$(BUILT_PRODUCTS_DIR)/BChessMac.app/Contents/MacOS/BChessMac";
			};
			name = Debug;
		};
		A75359B81FDE0947008D1DEE /* Release */ = {
			isa = XCBuildConfiguration;
			buildSettings = {
				ALWAYS_EMBED_SWIFT_STANDARD_LIBRARIES = YES;
				BUNDLE_LOADER = "$(TEST_HOST)";
				CODE_SIGN_STYLE = Automatic;
				COMBINE_HIDPI_IMAGES = YES;
				DEVELOPMENT_TEAM = 28XRU7S6GA;
				INFOPLIST_FILE = BChessMacTests/Info.plist;
				LD_RUNPATH_SEARCH_PATHS = "$(inherited) @executable_path/../Frameworks @loader_path/../Frameworks";
				PRODUCT_BUNDLE_IDENTIFIER = "ch.arizona-software.BChessMacTests";
				PRODUCT_NAME = "$(TARGET_NAME)";
				SWIFT_VERSION = 4.0;
				TEST_HOST = "$(BUILT_PRODUCTS_DIR)/BChessMac.app/Contents/MacOS/BChessMac";
			};
			name = Release;
		};
		A75359BA1FDE0947008D1DEE /* Debug */ = {
			isa = XCBuildConfiguration;
			buildSettings = {
				ALWAYS_EMBED_SWIFT_STANDARD_LIBRARIES = YES;
				CODE_SIGN_STYLE = Automatic;
				COMBINE_HIDPI_IMAGES = YES;
				DEVELOPMENT_TEAM = 28XRU7S6GA;
				INFOPLIST_FILE = BChessMacUITests/Info.plist;
				LD_RUNPATH_SEARCH_PATHS = "$(inherited) @executable_path/../Frameworks @loader_path/../Frameworks";
				PRODUCT_BUNDLE_IDENTIFIER = "ch.arizona-software.BChessMacUITests";
				PRODUCT_NAME = "$(TARGET_NAME)";
				SWIFT_VERSION = 4.0;
				TEST_TARGET_NAME = BChessMac;
			};
			name = Debug;
		};
		A75359BB1FDE0947008D1DEE /* Release */ = {
			isa = XCBuildConfiguration;
			buildSettings = {
				ALWAYS_EMBED_SWIFT_STANDARD_LIBRARIES = YES;
				CODE_SIGN_STYLE = Automatic;
				COMBINE_HIDPI_IMAGES = YES;
				DEVELOPMENT_TEAM = 28XRU7S6GA;
				INFOPLIST_FILE = BChessMacUITests/Info.plist;
				LD_RUNPATH_SEARCH_PATHS = "$(inherited) @executable_path/../Frameworks @loader_path/../Frameworks";
				PRODUCT_BUNDLE_IDENTIFIER = "ch.arizona-software.BChessMacUITests";
				PRODUCT_NAME = "$(TARGET_NAME)";
				SWIFT_VERSION = 4.0;
				TEST_TARGET_NAME = BChessMac;
			};
			name = Release;
		};
		A7712D1A1FB916E900E7E802 /* Debug */ = {
			isa = XCBuildConfiguration;
			buildSettings = {
				CLANG_WARN_ASSIGN_ENUM = YES;
				CODE_SIGN_STYLE = Automatic;
				COMBINE_HIDPI_IMAGES = YES;
				DEVELOPMENT_TEAM = 28XRU7S6GA;
				FRAMEWORK_SEARCH_PATHS = (
					"$(inherited)",
					"$(PROJECT_DIR)/BChessTests",
				);
				HEADER_SEARCH_PATHS = (
					Dependencies/gtest/include,
					Dependencies/gtest,
				);
				INFOPLIST_FILE = BChessTests/Info.plist;
				LD_RUNPATH_SEARCH_PATHS = "$(inherited) @executable_path/../Frameworks @loader_path/../Frameworks";
				PRODUCT_BUNDLE_IDENTIFIER = "ch.arizona-software.BChessTests";
				PRODUCT_NAME = "$(TARGET_NAME)";
				SWIFT_OBJC_BRIDGING_HEADER = "BChess/BChess-Bridging-Header.h";
				SWIFT_VERSION = 4.0;
			};
			name = Debug;
		};
		A7712D1B1FB916E900E7E802 /* Release */ = {
			isa = XCBuildConfiguration;
			buildSettings = {
				CLANG_WARN_ASSIGN_ENUM = YES;
				CODE_SIGN_STYLE = Automatic;
				COMBINE_HIDPI_IMAGES = YES;
				DEVELOPMENT_TEAM = 28XRU7S6GA;
				FRAMEWORK_SEARCH_PATHS = (
					"$(inherited)",
					"$(PROJECT_DIR)/BChessTests",
				);
				HEADER_SEARCH_PATHS = (
					Dependencies/gtest/include,
					Dependencies/gtest,
				);
				INFOPLIST_FILE = BChessTests/Info.plist;
				LD_RUNPATH_SEARCH_PATHS = "$(inherited) @executable_path/../Frameworks @loader_path/../Frameworks";
				PRODUCT_BUNDLE_IDENTIFIER = "ch.arizona-software.BChessTests";
				PRODUCT_NAME = "$(TARGET_NAME)";
				SWIFT_OBJC_BRIDGING_HEADER = "BChess/BChess-Bridging-Header.h";
				SWIFT_VERSION = 4.0;
			};
			name = Release;
		};
		A7AFCCAB1FB4E40D00AE3D85 /* Debug */ = {
			isa = XCBuildConfiguration;
			buildSettings = {
				ALWAYS_SEARCH_USER_PATHS = NO;
				CLANG_ANALYZER_NONNULL = YES;
				CLANG_ANALYZER_NUMBER_OBJECT_CONVERSION = YES_AGGRESSIVE;
				CLANG_CXX_LANGUAGE_STANDARD = "gnu++14";
				CLANG_CXX_LIBRARY = "libc++";
				CLANG_ENABLE_MODULES = YES;
				CLANG_ENABLE_OBJC_ARC = YES;
				CLANG_WARN_BLOCK_CAPTURE_AUTORELEASING = YES;
				CLANG_WARN_BOOL_CONVERSION = YES;
				CLANG_WARN_COMMA = YES;
				CLANG_WARN_CONSTANT_CONVERSION = YES;
				CLANG_WARN_DIRECT_OBJC_ISA_USAGE = YES_ERROR;
				CLANG_WARN_DOCUMENTATION_COMMENTS = YES;
				CLANG_WARN_EMPTY_BODY = YES;
				CLANG_WARN_ENUM_CONVERSION = YES;
				CLANG_WARN_INFINITE_RECURSION = YES;
				CLANG_WARN_INT_CONVERSION = YES;
				CLANG_WARN_NON_LITERAL_NULL_CONVERSION = YES;
				CLANG_WARN_OBJC_LITERAL_CONVERSION = YES;
				CLANG_WARN_OBJC_ROOT_CLASS = YES_ERROR;
				CLANG_WARN_RANGE_LOOP_ANALYSIS = YES;
				CLANG_WARN_STRICT_PROTOTYPES = YES;
				CLANG_WARN_SUSPICIOUS_MOVE = YES;
				CLANG_WARN_UNGUARDED_AVAILABILITY = YES_AGGRESSIVE;
				CLANG_WARN_UNREACHABLE_CODE = YES;
				CLANG_WARN__DUPLICATE_METHOD_MATCH = YES;
				CODE_SIGN_IDENTITY = "Mac Developer";
				COPY_PHASE_STRIP = NO;
				DEBUG_INFORMATION_FORMAT = dwarf;
				ENABLE_STRICT_OBJC_MSGSEND = YES;
				ENABLE_TESTABILITY = YES;
				GCC_C_LANGUAGE_STANDARD = gnu11;
				GCC_DYNAMIC_NO_PIC = NO;
				GCC_NO_COMMON_BLOCKS = YES;
				GCC_OPTIMIZATION_LEVEL = 0;
				GCC_PREPROCESSOR_DEFINITIONS = (
					"DEBUG=1",
					"$(inherited)",
				);
				GCC_WARN_64_TO_32_BIT_CONVERSION = YES;
				GCC_WARN_ABOUT_RETURN_TYPE = YES_ERROR;
				GCC_WARN_UNDECLARED_SELECTOR = YES;
				GCC_WARN_UNINITIALIZED_AUTOS = YES_AGGRESSIVE;
				GCC_WARN_UNUSED_FUNCTION = YES;
				GCC_WARN_UNUSED_VARIABLE = YES;
				MACOSX_DEPLOYMENT_TARGET = 10.13;
				MTL_ENABLE_DEBUG_INFO = YES;
				ONLY_ACTIVE_ARCH = YES;
				SDKROOT = macosx;
				SWIFT_ACTIVE_COMPILATION_CONDITIONS = DEBUG;
				SWIFT_OPTIMIZATION_LEVEL = "-Onone";
			};
			name = Debug;
		};
		A7AFCCAC1FB4E40D00AE3D85 /* Release */ = {
			isa = XCBuildConfiguration;
			buildSettings = {
				ALWAYS_SEARCH_USER_PATHS = NO;
				CLANG_ANALYZER_NONNULL = YES;
				CLANG_ANALYZER_NUMBER_OBJECT_CONVERSION = YES_AGGRESSIVE;
				CLANG_CXX_LANGUAGE_STANDARD = "gnu++14";
				CLANG_CXX_LIBRARY = "libc++";
				CLANG_ENABLE_MODULES = YES;
				CLANG_ENABLE_OBJC_ARC = YES;
				CLANG_WARN_BLOCK_CAPTURE_AUTORELEASING = YES;
				CLANG_WARN_BOOL_CONVERSION = YES;
				CLANG_WARN_COMMA = YES;
				CLANG_WARN_CONSTANT_CONVERSION = YES;
				CLANG_WARN_DIRECT_OBJC_ISA_USAGE = YES_ERROR;
				CLANG_WARN_DOCUMENTATION_COMMENTS = YES;
				CLANG_WARN_EMPTY_BODY = YES;
				CLANG_WARN_ENUM_CONVERSION = YES;
				CLANG_WARN_INFINITE_RECURSION = YES;
				CLANG_WARN_INT_CONVERSION = YES;
				CLANG_WARN_NON_LITERAL_NULL_CONVERSION = YES;
				CLANG_WARN_OBJC_LITERAL_CONVERSION = YES;
				CLANG_WARN_OBJC_ROOT_CLASS = YES_ERROR;
				CLANG_WARN_RANGE_LOOP_ANALYSIS = YES;
				CLANG_WARN_STRICT_PROTOTYPES = YES;
				CLANG_WARN_SUSPICIOUS_MOVE = YES;
				CLANG_WARN_UNGUARDED_AVAILABILITY = YES_AGGRESSIVE;
				CLANG_WARN_UNREACHABLE_CODE = YES;
				CLANG_WARN__DUPLICATE_METHOD_MATCH = YES;
				CODE_SIGN_IDENTITY = "Mac Developer";
				COPY_PHASE_STRIP = NO;
				DEBUG_INFORMATION_FORMAT = "dwarf-with-dsym";
				ENABLE_NS_ASSERTIONS = NO;
				ENABLE_STRICT_OBJC_MSGSEND = YES;
				GCC_C_LANGUAGE_STANDARD = gnu11;
				GCC_NO_COMMON_BLOCKS = YES;
				GCC_WARN_64_TO_32_BIT_CONVERSION = YES;
				GCC_WARN_ABOUT_RETURN_TYPE = YES_ERROR;
				GCC_WARN_UNDECLARED_SELECTOR = YES;
				GCC_WARN_UNINITIALIZED_AUTOS = YES_AGGRESSIVE;
				GCC_WARN_UNUSED_FUNCTION = YES;
				GCC_WARN_UNUSED_VARIABLE = YES;
				MACOSX_DEPLOYMENT_TARGET = 10.13;
				MTL_ENABLE_DEBUG_INFO = NO;
				SDKROOT = macosx;
				SWIFT_OPTIMIZATION_LEVEL = "-Owholemodule";
			};
			name = Release;
		};
		A7AFCCAE1FB4E40D00AE3D85 /* Debug */ = {
			isa = XCBuildConfiguration;
			buildSettings = {
				CLANG_ENABLE_MODULES = YES;
				CODE_SIGN_STYLE = Automatic;
				DEVELOPMENT_TEAM = 28XRU7S6GA;
				LD_RUNPATH_SEARCH_PATHS = "$(inherited) @executable_path/../Frameworks @loader_path/../Frameworks";
				PRODUCT_NAME = "$(TARGET_NAME)";
				SWIFT_OBJC_BRIDGING_HEADER = "BChess/BChess-Bridging-Header.h";
				SWIFT_OPTIMIZATION_LEVEL = "-Onone";
				SWIFT_VERSION = 4.0;
			};
			name = Debug;
		};
		A7AFCCAF1FB4E40D00AE3D85 /* Release */ = {
			isa = XCBuildConfiguration;
			buildSettings = {
				CLANG_ENABLE_MODULES = YES;
				CODE_SIGN_STYLE = Automatic;
				DEVELOPMENT_TEAM = 28XRU7S6GA;
				LD_RUNPATH_SEARCH_PATHS = "$(inherited) @executable_path/../Frameworks @loader_path/../Frameworks";
				PRODUCT_NAME = "$(TARGET_NAME)";
				SWIFT_OBJC_BRIDGING_HEADER = "BChess/BChess-Bridging-Header.h";
				SWIFT_VERSION = 4.0;
			};
			name = Release;
		};
/* End XCBuildConfiguration section */

/* Begin XCConfigurationList section */
		A75359B31FDE0947008D1DEE /* Build configuration list for PBXNativeTarget "BChessMac" */ = {
			isa = XCConfigurationList;
			buildConfigurations = (
				A75359B41FDE0947008D1DEE /* Debug */,
				A75359B51FDE0947008D1DEE /* Release */,
			);
			defaultConfigurationIsVisible = 0;
			defaultConfigurationName = Release;
		};
		A75359B61FDE0947008D1DEE /* Build configuration list for PBXNativeTarget "BChessMacTests" */ = {
			isa = XCConfigurationList;
			buildConfigurations = (
				A75359B71FDE0947008D1DEE /* Debug */,
				A75359B81FDE0947008D1DEE /* Release */,
			);
			defaultConfigurationIsVisible = 0;
			defaultConfigurationName = Release;
		};
		A75359B91FDE0947008D1DEE /* Build configuration list for PBXNativeTarget "BChessMacUITests" */ = {
			isa = XCConfigurationList;
			buildConfigurations = (
				A75359BA1FDE0947008D1DEE /* Debug */,
				A75359BB1FDE0947008D1DEE /* Release */,
			);
			defaultConfigurationIsVisible = 0;
			defaultConfigurationName = Release;
		};
		A7712D191FB916E900E7E802 /* Build configuration list for PBXNativeTarget "BChessTests" */ = {
			isa = XCConfigurationList;
			buildConfigurations = (
				A7712D1A1FB916E900E7E802 /* Debug */,
				A7712D1B1FB916E900E7E802 /* Release */,
			);
			defaultConfigurationIsVisible = 0;
			defaultConfigurationName = Release;
		};
		A7AFCCA11FB4E40D00AE3D85 /* Build configuration list for PBXProject "BChess" */ = {
			isa = XCConfigurationList;
			buildConfigurations = (
				A7AFCCAB1FB4E40D00AE3D85 /* Debug */,
				A7AFCCAC1FB4E40D00AE3D85 /* Release */,
			);
			defaultConfigurationIsVisible = 0;
			defaultConfigurationName = Release;
		};
		A7AFCCAD1FB4E40D00AE3D85 /* Build configuration list for PBXNativeTarget "BChess" */ = {
			isa = XCConfigurationList;
			buildConfigurations = (
				A7AFCCAE1FB4E40D00AE3D85 /* Debug */,
				A7AFCCAF1FB4E40D00AE3D85 /* Release */,
			);
			defaultConfigurationIsVisible = 0;
			defaultConfigurationName = Release;
		};
/* End XCConfigurationList section */
	};
	rootObject = A7AFCC9E1FB4E40D00AE3D85 /* Project object */;
}
