// !$*UTF8*$!
{
	archiveVersion = 1;
	classes = {
	};
	objectVersion = 48;
	objects = {

/* Begin PBXBuildFile section */
		A7712D171FB916E900E7E802 /* BChessTests.swift in Sources */ = {isa = PBXBuildFile; fileRef = A7712D161FB916E900E7E802 /* BChessTests.swift */; };
		A7712D1C1FB9179300E7E802 /* Color.swift in Sources */ = {isa = PBXBuildFile; fileRef = A7AFCCB81FB6CD3700AE3D85 /* Color.swift */; };
		A7712D1D1FB9179300E7E802 /* PieceType.swift in Sources */ = {isa = PBXBuildFile; fileRef = A7AFCCBA1FB6CD7800AE3D85 /* PieceType.swift */; };
		A7712D1E1FB9179300E7E802 /* Piece.swift in Sources */ = {isa = PBXBuildFile; fileRef = A7AFCCBC1FB6CDB000AE3D85 /* Piece.swift */; };
		A7712D1F1FB9179300E7E802 /* Coordinate.swift in Sources */ = {isa = PBXBuildFile; fileRef = A7AFCCBE1FB6CE6B00AE3D85 /* Coordinate.swift */; };
		A7712D201FB9179300E7E802 /* Move.swift in Sources */ = {isa = PBXBuildFile; fileRef = A7AFCCC41FB6D01400AE3D85 /* Move.swift */; };
		A7712D211FB9179500E7E802 /* Board.swift in Sources */ = {isa = PBXBuildFile; fileRef = A7AFCCB21FB5091000AE3D85 /* Board.swift */; };
		A7712D221FB9179500E7E802 /* BoardIterator.swift in Sources */ = {isa = PBXBuildFile; fileRef = A7AFCCC21FB6CFCB00AE3D85 /* BoardIterator.swift */; };
		A7712D231FB9179900E7E802 /* MoveGenerator.swift in Sources */ = {isa = PBXBuildFile; fileRef = A7AFCCB41FB5170900AE3D85 /* MoveGenerator.swift */; };
		A7712D241FB9179900E7E802 /* Analysis.swift in Sources */ = {isa = PBXBuildFile; fileRef = A7AFCCB61FB62DBA00AE3D85 /* Analysis.swift */; };
		A7712D261FB917DF00E7E802 /* FEN.swift in Sources */ = {isa = PBXBuildFile; fileRef = A7AFCCC01FB6CE9E00AE3D85 /* FEN.swift */; };
		A7712D281FBAC47A00E7E802 /* Evaluate.swift in Sources */ = {isa = PBXBuildFile; fileRef = A7712D271FBAC47A00E7E802 /* Evaluate.swift */; };
		A7712D291FBAC4B700E7E802 /* Evaluate.swift in Sources */ = {isa = PBXBuildFile; fileRef = A7712D271FBAC47A00E7E802 /* Evaluate.swift */; };
		A7712D2B1FC7C1FA00E7E802 /* Helper.swift in Sources */ = {isa = PBXBuildFile; fileRef = A7712D2A1FC7C1FA00E7E802 /* Helper.swift */; };
		A7712D2D1FC7C22000E7E802 /* UCIEngine.swift in Sources */ = {isa = PBXBuildFile; fileRef = A7712D2C1FC7C22000E7E802 /* UCIEngine.swift */; };
		A7712D2F1FC7C4CD00E7E802 /* UCI.swift in Sources */ = {isa = PBXBuildFile; fileRef = A7712D2E1FC7C4CD00E7E802 /* UCI.swift */; };
		A7AFCCAA1FB4E40D00AE3D85 /* main.swift in Sources */ = {isa = PBXBuildFile; fileRef = A7AFCCA91FB4E40D00AE3D85 /* main.swift */; };
		A7AFCCB31FB5091000AE3D85 /* Board.swift in Sources */ = {isa = PBXBuildFile; fileRef = A7AFCCB21FB5091000AE3D85 /* Board.swift */; };
		A7AFCCB51FB5170900AE3D85 /* MoveGenerator.swift in Sources */ = {isa = PBXBuildFile; fileRef = A7AFCCB41FB5170900AE3D85 /* MoveGenerator.swift */; };
		A7AFCCB71FB62DBA00AE3D85 /* Analysis.swift in Sources */ = {isa = PBXBuildFile; fileRef = A7AFCCB61FB62DBA00AE3D85 /* Analysis.swift */; };
		A7AFCCB91FB6CD3700AE3D85 /* Color.swift in Sources */ = {isa = PBXBuildFile; fileRef = A7AFCCB81FB6CD3700AE3D85 /* Color.swift */; };
		A7AFCCBB1FB6CD7800AE3D85 /* PieceType.swift in Sources */ = {isa = PBXBuildFile; fileRef = A7AFCCBA1FB6CD7800AE3D85 /* PieceType.swift */; };
		A7AFCCBD1FB6CDB000AE3D85 /* Piece.swift in Sources */ = {isa = PBXBuildFile; fileRef = A7AFCCBC1FB6CDB000AE3D85 /* Piece.swift */; };
		A7AFCCBF1FB6CE6B00AE3D85 /* Coordinate.swift in Sources */ = {isa = PBXBuildFile; fileRef = A7AFCCBE1FB6CE6B00AE3D85 /* Coordinate.swift */; };
		A7AFCCC11FB6CE9E00AE3D85 /* FEN.swift in Sources */ = {isa = PBXBuildFile; fileRef = A7AFCCC01FB6CE9E00AE3D85 /* FEN.swift */; };
		A7AFCCC31FB6CFCB00AE3D85 /* BoardIterator.swift in Sources */ = {isa = PBXBuildFile; fileRef = A7AFCCC21FB6CFCB00AE3D85 /* BoardIterator.swift */; };
		A7AFCCC51FB6D01400AE3D85 /* Move.swift in Sources */ = {isa = PBXBuildFile; fileRef = A7AFCCC41FB6D01400AE3D85 /* Move.swift */; };
/* End PBXBuildFile section */

/* Begin PBXCopyFilesBuildPhase section */
		A7AFCCA41FB4E40D00AE3D85 /* CopyFiles */ = {
			isa = PBXCopyFilesBuildPhase;
			buildActionMask = 2147483647;
			dstPath = /usr/share/man/man1/;
			dstSubfolderSpec = 0;
			files = (
			);
			runOnlyForDeploymentPostprocessing = 1;
		};
/* End PBXCopyFilesBuildPhase section */

/* Begin PBXFileReference section */
		A7712D141FB916E900E7E802 /* BChessTests.xctest */ = {isa = PBXFileReference; explicitFileType = wrapper.cfbundle; includeInIndex = 0; path = BChessTests.xctest; sourceTree = BUILT_PRODUCTS_DIR; };
		A7712D161FB916E900E7E802 /* BChessTests.swift */ = {isa = PBXFileReference; lastKnownFileType = sourcecode.swift; path = BChessTests.swift; sourceTree = "<group>"; };
		A7712D181FB916E900E7E802 /* Info.plist */ = {isa = PBXFileReference; lastKnownFileType = text.plist.xml; path = Info.plist; sourceTree = "<group>"; };
		A7712D271FBAC47A00E7E802 /* Evaluate.swift */ = {isa = PBXFileReference; lastKnownFileType = sourcecode.swift; path = Evaluate.swift; sourceTree = "<group>"; };
		A7712D2A1FC7C1FA00E7E802 /* Helper.swift */ = {isa = PBXFileReference; lastKnownFileType = sourcecode.swift; path = Helper.swift; sourceTree = "<group>"; };
		A7712D2C1FC7C22000E7E802 /* UCIEngine.swift */ = {isa = PBXFileReference; lastKnownFileType = sourcecode.swift; path = UCIEngine.swift; sourceTree = "<group>"; };
		A7712D2E1FC7C4CD00E7E802 /* UCI.swift */ = {isa = PBXFileReference; lastKnownFileType = sourcecode.swift; path = UCI.swift; sourceTree = "<group>"; };
		A7712D311FC7C5CF00E7E802 /* ToDo.md */ = {isa = PBXFileReference; lastKnownFileType = net.daringfireball.markdown; path = ToDo.md; sourceTree = "<group>"; };
		A7AFCCA61FB4E40D00AE3D85 /* BChess */ = {isa = PBXFileReference; explicitFileType = "compiled.mach-o.executable"; includeInIndex = 0; path = BChess; sourceTree = BUILT_PRODUCTS_DIR; };
		A7AFCCA91FB4E40D00AE3D85 /* main.swift */ = {isa = PBXFileReference; lastKnownFileType = sourcecode.swift; path = main.swift; sourceTree = "<group>"; };
		A7AFCCB21FB5091000AE3D85 /* Board.swift */ = {isa = PBXFileReference; lastKnownFileType = sourcecode.swift; path = Board.swift; sourceTree = "<group>"; };
		A7AFCCB41FB5170900AE3D85 /* MoveGenerator.swift */ = {isa = PBXFileReference; lastKnownFileType = sourcecode.swift; path = MoveGenerator.swift; sourceTree = "<group>"; };
		A7AFCCB61FB62DBA00AE3D85 /* Analysis.swift */ = {isa = PBXFileReference; lastKnownFileType = sourcecode.swift; path = Analysis.swift; sourceTree = "<group>"; };
		A7AFCCB81FB6CD3700AE3D85 /* Color.swift */ = {isa = PBXFileReference; lastKnownFileType = sourcecode.swift; path = Color.swift; sourceTree = "<group>"; };
		A7AFCCBA1FB6CD7800AE3D85 /* PieceType.swift */ = {isa = PBXFileReference; lastKnownFileType = sourcecode.swift; path = PieceType.swift; sourceTree = "<group>"; };
		A7AFCCBC1FB6CDB000AE3D85 /* Piece.swift */ = {isa = PBXFileReference; lastKnownFileType = sourcecode.swift; path = Piece.swift; sourceTree = "<group>"; };
		A7AFCCBE1FB6CE6B00AE3D85 /* Coordinate.swift */ = {isa = PBXFileReference; lastKnownFileType = sourcecode.swift; path = Coordinate.swift; sourceTree = "<group>"; };
		A7AFCCC01FB6CE9E00AE3D85 /* FEN.swift */ = {isa = PBXFileReference; lastKnownFileType = sourcecode.swift; path = FEN.swift; sourceTree = "<group>"; };
		A7AFCCC21FB6CFCB00AE3D85 /* BoardIterator.swift */ = {isa = PBXFileReference; lastKnownFileType = sourcecode.swift; path = BoardIterator.swift; sourceTree = "<group>"; };
		A7AFCCC41FB6D01400AE3D85 /* Move.swift */ = {isa = PBXFileReference; lastKnownFileType = sourcecode.swift; path = Move.swift; sourceTree = "<group>"; };
/* End PBXFileReference section */

/* Begin PBXFrameworksBuildPhase section */
		A7712D111FB916E900E7E802 /* Frameworks */ = {
			isa = PBXFrameworksBuildPhase;
			buildActionMask = 2147483647;
			files = (
			);
			runOnlyForDeploymentPostprocessing = 0;
		};
		A7AFCCA31FB4E40D00AE3D85 /* Frameworks */ = {
			isa = PBXFrameworksBuildPhase;
			buildActionMask = 2147483647;
			files = (
			);
			runOnlyForDeploymentPostprocessing = 0;
		};
/* End PBXFrameworksBuildPhase section */

/* Begin PBXGroup section */
		A7712D151FB916E900E7E802 /* BChessTests */ = {
			isa = PBXGroup;
			children = (
				A7712D161FB916E900E7E802 /* BChessTests.swift */,
				A7712D181FB916E900E7E802 /* Info.plist */,
			);
			path = BChessTests;
			sourceTree = "<group>";
		};
		A7712D301FC7C4D300E7E802 /* UCI */ = {
			isa = PBXGroup;
			children = (
				A7712D2E1FC7C4CD00E7E802 /* UCI.swift */,
				A7712D2C1FC7C22000E7E802 /* UCIEngine.swift */,
			);
			path = UCI;
			sourceTree = "<group>";
		};
		A7AFCC9D1FB4E40D00AE3D85 = {
			isa = PBXGroup;
			children = (
				A7712D311FC7C5CF00E7E802 /* ToDo.md */,
				A7AFCCA81FB4E40D00AE3D85 /* BChess */,
				A7712D151FB916E900E7E802 /* BChessTests */,
				A7AFCCA71FB4E40D00AE3D85 /* Products */,
			);
			sourceTree = "<group>";
		};
		A7AFCCA71FB4E40D00AE3D85 /* Products */ = {
			isa = PBXGroup;
			children = (
				A7AFCCA61FB4E40D00AE3D85 /* BChess */,
				A7712D141FB916E900E7E802 /* BChessTests.xctest */,
			);
			name = Products;
			sourceTree = "<group>";
		};
		A7AFCCA81FB4E40D00AE3D85 /* BChess */ = {
			isa = PBXGroup;
			children = (
				A7AFCCA91FB4E40D00AE3D85 /* main.swift */,
				A7AFCCB61FB62DBA00AE3D85 /* Analysis.swift */,
				A7712D271FBAC47A00E7E802 /* Evaluate.swift */,
				A7AFCCB41FB5170900AE3D85 /* MoveGenerator.swift */,
				A7AFCCC01FB6CE9E00AE3D85 /* FEN.swift */,
				A7712D2A1FC7C1FA00E7E802 /* Helper.swift */,
				A7712D301FC7C4D300E7E802 /* UCI */,
				A7AFCCC71FB7CBE500AE3D85 /* Board */,
				A7AFCCC61FB7CA6900AE3D85 /* Types */,
			);
			path = BChess;
			sourceTree = "<group>";
		};
		A7AFCCC61FB7CA6900AE3D85 /* Types */ = {
			isa = PBXGroup;
			children = (
				A7AFCCB81FB6CD3700AE3D85 /* Color.swift */,
				A7AFCCBA1FB6CD7800AE3D85 /* PieceType.swift */,
				A7AFCCBC1FB6CDB000AE3D85 /* Piece.swift */,
				A7AFCCBE1FB6CE6B00AE3D85 /* Coordinate.swift */,
				A7AFCCC41FB6D01400AE3D85 /* Move.swift */,
			);
			path = Types;
			sourceTree = "<group>";
		};
		A7AFCCC71FB7CBE500AE3D85 /* Board */ = {
			isa = PBXGroup;
			children = (
				A7AFCCB21FB5091000AE3D85 /* Board.swift */,
				A7AFCCC21FB6CFCB00AE3D85 /* BoardIterator.swift */,
			);
			path = Board;
			sourceTree = "<group>";
		};
/* End PBXGroup section */

/* Begin PBXNativeTarget section */
		A7712D131FB916E900E7E802 /* BChessTests */ = {
			isa = PBXNativeTarget;
			buildConfigurationList = A7712D191FB916E900E7E802 /* Build configuration list for PBXNativeTarget "BChessTests" */;
			buildPhases = (
				A7712D101FB916E900E7E802 /* Sources */,
				A7712D111FB916E900E7E802 /* Frameworks */,
				A7712D121FB916E900E7E802 /* Resources */,
			);
			buildRules = (
			);
			dependencies = (
			);
			name = BChessTests;
			productName = BChessTests;
			productReference = A7712D141FB916E900E7E802 /* BChessTests.xctest */;
			productType = "com.apple.product-type.bundle.unit-test";
		};
		A7AFCCA51FB4E40D00AE3D85 /* BChess */ = {
			isa = PBXNativeTarget;
			buildConfigurationList = A7AFCCAD1FB4E40D00AE3D85 /* Build configuration list for PBXNativeTarget "BChess" */;
			buildPhases = (
				A7AFCCA21FB4E40D00AE3D85 /* Sources */,
				A7AFCCA31FB4E40D00AE3D85 /* Frameworks */,
				A7AFCCA41FB4E40D00AE3D85 /* CopyFiles */,
			);
			buildRules = (
			);
			dependencies = (
			);
			name = BChess;
			productName = BChess;
			productReference = A7AFCCA61FB4E40D00AE3D85 /* BChess */;
			productType = "com.apple.product-type.tool";
		};
/* End PBXNativeTarget section */

/* Begin PBXProject section */
		A7AFCC9E1FB4E40D00AE3D85 /* Project object */ = {
			isa = PBXProject;
			attributes = {
				LastSwiftUpdateCheck = 0910;
				LastUpgradeCheck = 0910;
				ORGANIZATIONNAME = "Jean Bovet";
				TargetAttributes = {
					A7712D131FB916E900E7E802 = {
						CreatedOnToolsVersion = 9.1;
						ProvisioningStyle = Automatic;
					};
					A7AFCCA51FB4E40D00AE3D85 = {
						CreatedOnToolsVersion = 9.1;
						ProvisioningStyle = Automatic;
					};
				};
			};
			buildConfigurationList = A7AFCCA11FB4E40D00AE3D85 /* Build configuration list for PBXProject "BChess" */;
			compatibilityVersion = "Xcode 8.0";
			developmentRegion = en;
			hasScannedForEncodings = 0;
			knownRegions = (
				en,
			);
			mainGroup = A7AFCC9D1FB4E40D00AE3D85;
			productRefGroup = A7AFCCA71FB4E40D00AE3D85 /* Products */;
			projectDirPath = "";
			projectRoot = "";
			targets = (
				A7AFCCA51FB4E40D00AE3D85 /* BChess */,
				A7712D131FB916E900E7E802 /* BChessTests */,
			);
		};
/* End PBXProject section */

/* Begin PBXResourcesBuildPhase section */
		A7712D121FB916E900E7E802 /* Resources */ = {
			isa = PBXResourcesBuildPhase;
			buildActionMask = 2147483647;
			files = (
			);
			runOnlyForDeploymentPostprocessing = 0;
		};
/* End PBXResourcesBuildPhase section */

/* Begin PBXSourcesBuildPhase section */
		A7712D101FB916E900E7E802 /* Sources */ = {
			isa = PBXSourcesBuildPhase;
			buildActionMask = 2147483647;
			files = (
				A7712D221FB9179500E7E802 /* BoardIterator.swift in Sources */,
				A7712D1E1FB9179300E7E802 /* Piece.swift in Sources */,
				A7712D231FB9179900E7E802 /* MoveGenerator.swift in Sources */,
				A7712D171FB916E900E7E802 /* BChessTests.swift in Sources */,
				A7712D1D1FB9179300E7E802 /* PieceType.swift in Sources */,
				A7712D1C1FB9179300E7E802 /* Color.swift in Sources */,
				A7712D211FB9179500E7E802 /* Board.swift in Sources */,
				A7712D201FB9179300E7E802 /* Move.swift in Sources */,
				A7712D291FBAC4B700E7E802 /* Evaluate.swift in Sources */,
				A7712D1F1FB9179300E7E802 /* Coordinate.swift in Sources */,
				A7712D241FB9179900E7E802 /* Analysis.swift in Sources */,
				A7712D261FB917DF00E7E802 /* FEN.swift in Sources */,
			);
			runOnlyForDeploymentPostprocessing = 0;
		};
		A7AFCCA21FB4E40D00AE3D85 /* Sources */ = {
			isa = PBXSourcesBuildPhase;
			buildActionMask = 2147483647;
			files = (
				A7AFCCAA1FB4E40D00AE3D85 /* main.swift in Sources */,
				A7712D2B1FC7C1FA00E7E802 /* Helper.swift in Sources */,
				A7AFCCBB1FB6CD7800AE3D85 /* PieceType.swift in Sources */,
				A7712D281FBAC47A00E7E802 /* Evaluate.swift in Sources */,
				A7AFCCB51FB5170900AE3D85 /* MoveGenerator.swift in Sources */,
				A7712D2F1FC7C4CD00E7E802 /* UCI.swift in Sources */,
				A7AFCCC11FB6CE9E00AE3D85 /* FEN.swift in Sources */,
				A7AFCCC51FB6D01400AE3D85 /* Move.swift in Sources */,
				A7AFCCBD1FB6CDB000AE3D85 /* Piece.swift in Sources */,
				A7AFCCBF1FB6CE6B00AE3D85 /* Coordinate.swift in Sources */,
				A7712D2D1FC7C22000E7E802 /* UCIEngine.swift in Sources */,
				A7AFCCC31FB6CFCB00AE3D85 /* BoardIterator.swift in Sources */,
				A7AFCCB71FB62DBA00AE3D85 /* Analysis.swift in Sources */,
				A7AFCCB31FB5091000AE3D85 /* Board.swift in Sources */,
				A7AFCCB91FB6CD3700AE3D85 /* Color.swift in Sources */,
			);
			runOnlyForDeploymentPostprocessing = 0;
		};
/* End PBXSourcesBuildPhase section */

/* Begin XCBuildConfiguration section */
		A7712D1A1FB916E900E7E802 /* Debug */ = {
			isa = XCBuildConfiguration;
			buildSettings = {
				CODE_SIGN_STYLE = Automatic;
				COMBINE_HIDPI_IMAGES = YES;
				DEVELOPMENT_TEAM = 28XRU7S6GA;
				INFOPLIST_FILE = BChessTests/Info.plist;
				LD_RUNPATH_SEARCH_PATHS = "$(inherited) @executable_path/../Frameworks @loader_path/../Frameworks";
				PRODUCT_BUNDLE_IDENTIFIER = "ch.arizona-software.BChessTests";
				PRODUCT_NAME = "$(TARGET_NAME)";
				SWIFT_VERSION = 4.0;
			};
			name = Debug;
		};
		A7712D1B1FB916E900E7E802 /* Release */ = {
			isa = XCBuildConfiguration;
			buildSettings = {
				CODE_SIGN_STYLE = Automatic;
				COMBINE_HIDPI_IMAGES = YES;
				DEVELOPMENT_TEAM = 28XRU7S6GA;
				INFOPLIST_FILE = BChessTests/Info.plist;
				LD_RUNPATH_SEARCH_PATHS = "$(inherited) @executable_path/../Frameworks @loader_path/../Frameworks";
				PRODUCT_BUNDLE_IDENTIFIER = "ch.arizona-software.BChessTests";
				PRODUCT_NAME = "$(TARGET_NAME)";
				SWIFT_VERSION = 4.0;
			};
			name = Release;
		};
		A7AFCCAB1FB4E40D00AE3D85 /* Debug */ = {
			isa = XCBuildConfiguration;
			buildSettings = {
				ALWAYS_SEARCH_USER_PATHS = NO;
				CLANG_ANALYZER_NONNULL = YES;
				CLANG_ANALYZER_NUMBER_OBJECT_CONVERSION = YES_AGGRESSIVE;
				CLANG_CXX_LANGUAGE_STANDARD = "gnu++14";
				CLANG_CXX_LIBRARY = "libc++";
				CLANG_ENABLE_MODULES = YES;
				CLANG_ENABLE_OBJC_ARC = YES;
				CLANG_WARN_BLOCK_CAPTURE_AUTORELEASING = YES;
				CLANG_WARN_BOOL_CONVERSION = YES;
				CLANG_WARN_COMMA = YES;
				CLANG_WARN_CONSTANT_CONVERSION = YES;
				CLANG_WARN_DIRECT_OBJC_ISA_USAGE = YES_ERROR;
				CLANG_WARN_DOCUMENTATION_COMMENTS = YES;
				CLANG_WARN_EMPTY_BODY = YES;
				CLANG_WARN_ENUM_CONVERSION = YES;
				CLANG_WARN_INFINITE_RECURSION = YES;
				CLANG_WARN_INT_CONVERSION = YES;
				CLANG_WARN_NON_LITERAL_NULL_CONVERSION = YES;
				CLANG_WARN_OBJC_LITERAL_CONVERSION = YES;
				CLANG_WARN_OBJC_ROOT_CLASS = YES_ERROR;
				CLANG_WARN_RANGE_LOOP_ANALYSIS = YES;
				CLANG_WARN_STRICT_PROTOTYPES = YES;
				CLANG_WARN_SUSPICIOUS_MOVE = YES;
				CLANG_WARN_UNGUARDED_AVAILABILITY = YES_AGGRESSIVE;
				CLANG_WARN_UNREACHABLE_CODE = YES;
				CLANG_WARN__DUPLICATE_METHOD_MATCH = YES;
				CODE_SIGN_IDENTITY = "Mac Developer";
				COPY_PHASE_STRIP = NO;
				DEBUG_INFORMATION_FORMAT = dwarf;
				ENABLE_STRICT_OBJC_MSGSEND = YES;
				ENABLE_TESTABILITY = YES;
				GCC_C_LANGUAGE_STANDARD = gnu11;
				GCC_DYNAMIC_NO_PIC = NO;
				GCC_NO_COMMON_BLOCKS = YES;
				GCC_OPTIMIZATION_LEVEL = 0;
				GCC_PREPROCESSOR_DEFINITIONS = (
					"DEBUG=1",
					"$(inherited)",
				);
				GCC_WARN_64_TO_32_BIT_CONVERSION = YES;
				GCC_WARN_ABOUT_RETURN_TYPE = YES_ERROR;
				GCC_WARN_UNDECLARED_SELECTOR = YES;
				GCC_WARN_UNINITIALIZED_AUTOS = YES_AGGRESSIVE;
				GCC_WARN_UNUSED_FUNCTION = YES;
				GCC_WARN_UNUSED_VARIABLE = YES;
				MACOSX_DEPLOYMENT_TARGET = 10.13;
				MTL_ENABLE_DEBUG_INFO = YES;
				ONLY_ACTIVE_ARCH = YES;
				SDKROOT = macosx;
				SWIFT_ACTIVE_COMPILATION_CONDITIONS = DEBUG;
				SWIFT_OPTIMIZATION_LEVEL = "-Onone";
			};
			name = Debug;
		};
		A7AFCCAC1FB4E40D00AE3D85 /* Release */ = {
			isa = XCBuildConfiguration;
			buildSettings = {
				ALWAYS_SEARCH_USER_PATHS = NO;
				CLANG_ANALYZER_NONNULL = YES;
				CLANG_ANALYZER_NUMBER_OBJECT_CONVERSION = YES_AGGRESSIVE;
				CLANG_CXX_LANGUAGE_STANDARD = "gnu++14";
				CLANG_CXX_LIBRARY = "libc++";
				CLANG_ENABLE_MODULES = YES;
				CLANG_ENABLE_OBJC_ARC = YES;
				CLANG_WARN_BLOCK_CAPTURE_AUTORELEASING = YES;
				CLANG_WARN_BOOL_CONVERSION = YES;
				CLANG_WARN_COMMA = YES;
				CLANG_WARN_CONSTANT_CONVERSION = YES;
				CLANG_WARN_DIRECT_OBJC_ISA_USAGE = YES_ERROR;
				CLANG_WARN_DOCUMENTATION_COMMENTS = YES;
				CLANG_WARN_EMPTY_BODY = YES;
				CLANG_WARN_ENUM_CONVERSION = YES;
				CLANG_WARN_INFINITE_RECURSION = YES;
				CLANG_WARN_INT_CONVERSION = YES;
				CLANG_WARN_NON_LITERAL_NULL_CONVERSION = YES;
				CLANG_WARN_OBJC_LITERAL_CONVERSION = YES;
				CLANG_WARN_OBJC_ROOT_CLASS = YES_ERROR;
				CLANG_WARN_RANGE_LOOP_ANALYSIS = YES;
				CLANG_WARN_STRICT_PROTOTYPES = YES;
				CLANG_WARN_SUSPICIOUS_MOVE = YES;
				CLANG_WARN_UNGUARDED_AVAILABILITY = YES_AGGRESSIVE;
				CLANG_WARN_UNREACHABLE_CODE = YES;
				CLANG_WARN__DUPLICATE_METHOD_MATCH = YES;
				CODE_SIGN_IDENTITY = "Mac Developer";
				COPY_PHASE_STRIP = NO;
				DEBUG_INFORMATION_FORMAT = "dwarf-with-dsym";
				ENABLE_NS_ASSERTIONS = NO;
				ENABLE_STRICT_OBJC_MSGSEND = YES;
				GCC_C_LANGUAGE_STANDARD = gnu11;
				GCC_NO_COMMON_BLOCKS = YES;
				GCC_WARN_64_TO_32_BIT_CONVERSION = YES;
				GCC_WARN_ABOUT_RETURN_TYPE = YES_ERROR;
				GCC_WARN_UNDECLARED_SELECTOR = YES;
				GCC_WARN_UNINITIALIZED_AUTOS = YES_AGGRESSIVE;
				GCC_WARN_UNUSED_FUNCTION = YES;
				GCC_WARN_UNUSED_VARIABLE = YES;
				MACOSX_DEPLOYMENT_TARGET = 10.13;
				MTL_ENABLE_DEBUG_INFO = NO;
				SDKROOT = macosx;
				SWIFT_OPTIMIZATION_LEVEL = "-Owholemodule";
			};
			name = Release;
		};
		A7AFCCAE1FB4E40D00AE3D85 /* Debug */ = {
			isa = XCBuildConfiguration;
			buildSettings = {
				CODE_SIGN_STYLE = Automatic;
				DEVELOPMENT_TEAM = 28XRU7S6GA;
				PRODUCT_NAME = "$(TARGET_NAME)";
				SWIFT_VERSION = 4.0;
			};
			name = Debug;
		};
		A7AFCCAF1FB4E40D00AE3D85 /* Release */ = {
			isa = XCBuildConfiguration;
			buildSettings = {
				CODE_SIGN_STYLE = Automatic;
				DEVELOPMENT_TEAM = 28XRU7S6GA;
				PRODUCT_NAME = "$(TARGET_NAME)";
				SWIFT_VERSION = 4.0;
			};
			name = Release;
		};
/* End XCBuildConfiguration section */

/* Begin XCConfigurationList section */
		A7712D191FB916E900E7E802 /* Build configuration list for PBXNativeTarget "BChessTests" */ = {
			isa = XCConfigurationList;
			buildConfigurations = (
				A7712D1A1FB916E900E7E802 /* Debug */,
				A7712D1B1FB916E900E7E802 /* Release */,
			);
			defaultConfigurationIsVisible = 0;
			defaultConfigurationName = Release;
		};
		A7AFCCA11FB4E40D00AE3D85 /* Build configuration list for PBXProject "BChess" */ = {
			isa = XCConfigurationList;
			buildConfigurations = (
				A7AFCCAB1FB4E40D00AE3D85 /* Debug */,
				A7AFCCAC1FB4E40D00AE3D85 /* Release */,
			);
			defaultConfigurationIsVisible = 0;
			defaultConfigurationName = Release;
		};
		A7AFCCAD1FB4E40D00AE3D85 /* Build configuration list for PBXNativeTarget "BChess" */ = {
			isa = XCConfigurationList;
			buildConfigurations = (
				A7AFCCAE1FB4E40D00AE3D85 /* Debug */,
				A7AFCCAF1FB4E40D00AE3D85 /* Release */,
			);
			defaultConfigurationIsVisible = 0;
			defaultConfigurationName = Release;
		};
/* End XCConfigurationList section */
	};
	rootObject = A7AFCC9E1FB4E40D00AE3D85 /* Project object */;
}
